// !$*UTF8*$!
{
	archiveVersion = 1;
	classes = {
	};
	objectVersion = 56;
	objects = {

/* Begin PBXBuildFile section */
		4100F59B2BF10AEB007A47D2 /* BookDetailService.swift in Sources */ = {isa = PBXBuildFile; fileRef = 4100F59A2BF10AEB007A47D2 /* BookDetailService.swift */; };
		417192C72C0C4207001AE169 /* Extension_URLComponents.swift in Sources */ = {isa = PBXBuildFile; fileRef = 417192C62C0C4207001AE169 /* Extension_URLComponents.swift */; };
		41998EB32BFD88F900DF3043 /* API_KEY.swift in Sources */ = {isa = PBXBuildFile; fileRef = 41998EB22BFD88F900DF3043 /* API_KEY.swift */; };
		41A332DF2BEE80B7007B6FF2 /* BookDetailViewController.swift in Sources */ = {isa = PBXBuildFile; fileRef = 41A332DE2BEE80B7007B6FF2 /* BookDetailViewController.swift */; };
		41A332E12BEE80C0007B6FF2 /* BookDetailViewModel.swift in Sources */ = {isa = PBXBuildFile; fileRef = 41A332E02BEE80C0007B6FF2 /* BookDetailViewModel.swift */; };
		41E1DD262BE8F05000E51D54 /* AppDelegate.swift in Sources */ = {isa = PBXBuildFile; fileRef = 41E1DD252BE8F05000E51D54 /* AppDelegate.swift */; };
		41E1DD282BE8F05000E51D54 /* SceneDelegate.swift in Sources */ = {isa = PBXBuildFile; fileRef = 41E1DD272BE8F05000E51D54 /* SceneDelegate.swift */; };
		41E1DD2F2BE8F05100E51D54 /* Assets.xcassets in Resources */ = {isa = PBXBuildFile; fileRef = 41E1DD2E2BE8F05100E51D54 /* Assets.xcassets */; };
		41E1DD322BE8F05100E51D54 /* Base in Resources */ = {isa = PBXBuildFile; fileRef = 41E1DD312BE8F05100E51D54 /* Base */; };
		41E1DD3B2BE8F2CB00E51D54 /* KakaoSDK in Frameworks */ = {isa = PBXBuildFile; productRef = 41E1DD3A2BE8F2CB00E51D54 /* KakaoSDK */; };
		41E1DD3D2BE8F44E00E51D54 /* Book.swift in Sources */ = {isa = PBXBuildFile; fileRef = 41E1DD3C2BE8F44E00E51D54 /* Book.swift */; };
		41E1DD3F2BE9033D00E51D54 /* BookDocument.swift in Sources */ = {isa = PBXBuildFile; fileRef = 41E1DD3E2BE9033D00E51D54 /* BookDocument.swift */; };
		41E1DD412BE906FB00E51D54 /* SearchService.swift in Sources */ = {isa = PBXBuildFile; fileRef = 41E1DD402BE906FB00E51D54 /* SearchService.swift */; };
		41E1DD432BE90A9200E51D54 /* SearchViewModel.swift in Sources */ = {isa = PBXBuildFile; fileRef = 41E1DD422BE90A9200E51D54 /* SearchViewModel.swift */; };
		41E1DD492BE90D1500E51D54 /* SnapKit in Frameworks */ = {isa = PBXBuildFile; productRef = 41E1DD482BE90D1500E51D54 /* SnapKit */; };
		41E1DD4F2BE90D6D00E51D54 /* SearchViewController.swift in Sources */ = {isa = PBXBuildFile; fileRef = 41E1DD4E2BE90D6D00E51D54 /* SearchViewController.swift */; };
		41E1DD512BE9112800E51D54 /* SearchTableViewCell.swift in Sources */ = {isa = PBXBuildFile; fileRef = 41E1DD502BE9112800E51D54 /* SearchTableViewCell.swift */; };
		41F348A32BEBBEAF0070A8ED /* Extension_String.swift in Sources */ = {isa = PBXBuildFile; fileRef = 41F348A22BEBBEAF0070A8ED /* Extension_String.swift */; };
		41F348A52BEBBEC10070A8ED /* Extension_Date.swift in Sources */ = {isa = PBXBuildFile; fileRef = 41F348A42BEBBEC10070A8ED /* Extension_Date.swift */; };
/* End PBXBuildFile section */

/* Begin PBXFileReference section */
		4100F59A2BF10AEB007A47D2 /* BookDetailService.swift */ = {isa = PBXFileReference; lastKnownFileType = sourcecode.swift; path = BookDetailService.swift; sourceTree = "<group>"; };
		417192C62C0C4207001AE169 /* Extension_URLComponents.swift */ = {isa = PBXFileReference; lastKnownFileType = sourcecode.swift; path = Extension_URLComponents.swift; sourceTree = "<group>"; };
		41998EB22BFD88F900DF3043 /* API_KEY.swift */ = {isa = PBXFileReference; lastKnownFileType = sourcecode.swift; path = API_KEY.swift; sourceTree = "<group>"; };
		41A332DE2BEE80B7007B6FF2 /* BookDetailViewController.swift */ = {isa = PBXFileReference; lastKnownFileType = sourcecode.swift; path = BookDetailViewController.swift; sourceTree = "<group>"; };
		41A332E02BEE80C0007B6FF2 /* BookDetailViewModel.swift */ = {isa = PBXFileReference; lastKnownFileType = sourcecode.swift; path = BookDetailViewModel.swift; sourceTree = "<group>"; };
		41E1DD222BE8F05000E51D54 /* CombineTest.app */ = {isa = PBXFileReference; explicitFileType = wrapper.application; includeInIndex = 0; path = CombineTest.app; sourceTree = BUILT_PRODUCTS_DIR; };
		41E1DD252BE8F05000E51D54 /* AppDelegate.swift */ = {isa = PBXFileReference; lastKnownFileType = sourcecode.swift; path = AppDelegate.swift; sourceTree = "<group>"; };
		41E1DD272BE8F05000E51D54 /* SceneDelegate.swift */ = {isa = PBXFileReference; lastKnownFileType = sourcecode.swift; path = SceneDelegate.swift; sourceTree = "<group>"; };
		41E1DD2E2BE8F05100E51D54 /* Assets.xcassets */ = {isa = PBXFileReference; lastKnownFileType = folder.assetcatalog; path = Assets.xcassets; sourceTree = "<group>"; };
		41E1DD312BE8F05100E51D54 /* Base */ = {isa = PBXFileReference; lastKnownFileType = file.storyboard; name = Base; path = Base.lproj/LaunchScreen.storyboard; sourceTree = "<group>"; };
		41E1DD332BE8F05100E51D54 /* Info.plist */ = {isa = PBXFileReference; lastKnownFileType = text.plist.xml; path = Info.plist; sourceTree = "<group>"; };
		41E1DD3C2BE8F44E00E51D54 /* Book.swift */ = {isa = PBXFileReference; lastKnownFileType = sourcecode.swift; path = Book.swift; sourceTree = "<group>"; };
		41E1DD3E2BE9033D00E51D54 /* BookDocument.swift */ = {isa = PBXFileReference; lastKnownFileType = sourcecode.swift; path = BookDocument.swift; sourceTree = "<group>"; };
		41E1DD402BE906FB00E51D54 /* SearchService.swift */ = {isa = PBXFileReference; lastKnownFileType = sourcecode.swift; path = SearchService.swift; sourceTree = "<group>"; };
		41E1DD422BE90A9200E51D54 /* SearchViewModel.swift */ = {isa = PBXFileReference; lastKnownFileType = sourcecode.swift; path = SearchViewModel.swift; sourceTree = "<group>"; };
		41E1DD4E2BE90D6D00E51D54 /* SearchViewController.swift */ = {isa = PBXFileReference; lastKnownFileType = sourcecode.swift; path = SearchViewController.swift; sourceTree = "<group>"; };
		41E1DD502BE9112800E51D54 /* SearchTableViewCell.swift */ = {isa = PBXFileReference; lastKnownFileType = sourcecode.swift; path = SearchTableViewCell.swift; sourceTree = "<group>"; };
		41F348A22BEBBEAF0070A8ED /* Extension_String.swift */ = {isa = PBXFileReference; lastKnownFileType = sourcecode.swift; path = Extension_String.swift; sourceTree = "<group>"; };
		41F348A42BEBBEC10070A8ED /* Extension_Date.swift */ = {isa = PBXFileReference; lastKnownFileType = sourcecode.swift; path = Extension_Date.swift; sourceTree = "<group>"; };
/* End PBXFileReference section */

/* Begin PBXFrameworksBuildPhase section */
		41E1DD1F2BE8F05000E51D54 /* Frameworks */ = {
			isa = PBXFrameworksBuildPhase;
			buildActionMask = 2147483647;
			files = (
				41E1DD3B2BE8F2CB00E51D54 /* KakaoSDK in Frameworks */,
				41E1DD492BE90D1500E51D54 /* SnapKit in Frameworks */,
			);
			runOnlyForDeploymentPostprocessing = 0;
		};
/* End PBXFrameworksBuildPhase section */

/* Begin PBXGroup section */
		41A332DC2BEE8083007B6FF2 /* BookDetail */ = {
			isa = PBXGroup;
			children = (
				41A332DE2BEE80B7007B6FF2 /* BookDetailViewController.swift */,
				41A332E02BEE80C0007B6FF2 /* BookDetailViewModel.swift */,
				4100F59A2BF10AEB007A47D2 /* BookDetailService.swift */,
			);
			path = BookDetail;
			sourceTree = "<group>";
		};
		41E1DD192BE8F05000E51D54 = {
			isa = PBXGroup;
			children = (
				41998EB22BFD88F900DF3043 /* API_KEY.swift */,
				41E1DD242BE8F05000E51D54 /* CombineTest */,
				41E1DD232BE8F05000E51D54 /* Products */,
			);
			sourceTree = "<group>";
		};
		41E1DD232BE8F05000E51D54 /* Products */ = {
			isa = PBXGroup;
			children = (
				41E1DD222BE8F05000E51D54 /* CombineTest.app */,
			);
			name = Products;
			sourceTree = "<group>";
		};
		41E1DD242BE8F05000E51D54 /* CombineTest */ = {
			isa = PBXGroup;
			children = (
				41A332DC2BEE8083007B6FF2 /* BookDetail */,
				41E1DD562BE91D6E00E51D54 /* SearchView */,
				41E1DD252BE8F05000E51D54 /* AppDelegate.swift */,
				41E1DD272BE8F05000E51D54 /* SceneDelegate.swift */,
				41E1DD442BE90AA600E51D54 /* Model */,
				41F348A12BEBBEA60070A8ED /* Extension */,
				41E1DD2E2BE8F05100E51D54 /* Assets.xcassets */,
				41E1DD302BE8F05100E51D54 /* LaunchScreen.storyboard */,
				41E1DD332BE8F05100E51D54 /* Info.plist */,
				417192C62C0C4207001AE169 /* Extension_URLComponents.swift */,
			);
			path = CombineTest;
			sourceTree = "<group>";
		};
		41E1DD442BE90AA600E51D54 /* Model */ = {
			isa = PBXGroup;
			children = (
				41E1DD3C2BE8F44E00E51D54 /* Book.swift */,
				41E1DD3E2BE9033D00E51D54 /* BookDocument.swift */,
			);
			path = Model;
			sourceTree = "<group>";
		};
		41E1DD562BE91D6E00E51D54 /* SearchView */ = {
			isa = PBXGroup;
			children = (
				41E1DD402BE906FB00E51D54 /* SearchService.swift */,
				41E1DD422BE90A9200E51D54 /* SearchViewModel.swift */,
				41E1DD4E2BE90D6D00E51D54 /* SearchViewController.swift */,
				41E1DD572BE91D7500E51D54 /* Cell */,
			);
			path = SearchView;
			sourceTree = "<group>";
		};
		41E1DD572BE91D7500E51D54 /* Cell */ = {
			isa = PBXGroup;
			children = (
				41E1DD502BE9112800E51D54 /* SearchTableViewCell.swift */,
			);
			path = Cell;
			sourceTree = "<group>";
		};
		41F348A12BEBBEA60070A8ED /* Extension */ = {
			isa = PBXGroup;
			children = (
				41F348A22BEBBEAF0070A8ED /* Extension_String.swift */,
				41F348A42BEBBEC10070A8ED /* Extension_Date.swift */,
			);
			path = Extension;
			sourceTree = "<group>";
		};
/* End PBXGroup section */

/* Begin PBXNativeTarget section */
		41E1DD212BE8F05000E51D54 /* CombineTest */ = {
			isa = PBXNativeTarget;
			buildConfigurationList = 41E1DD362BE8F05100E51D54 /* Build configuration list for PBXNativeTarget "CombineTest" */;
			buildPhases = (
				41E1DD1E2BE8F05000E51D54 /* Sources */,
				41E1DD1F2BE8F05000E51D54 /* Frameworks */,
				41E1DD202BE8F05000E51D54 /* Resources */,
			);
			buildRules = (
			);
			dependencies = (
			);
			name = CombineTest;
			packageProductDependencies = (
				41E1DD3A2BE8F2CB00E51D54 /* KakaoSDK */,
				41E1DD482BE90D1500E51D54 /* SnapKit */,
			);
			productName = CombineTest;
			productReference = 41E1DD222BE8F05000E51D54 /* CombineTest.app */;
			productType = "com.apple.product-type.application";
		};
/* End PBXNativeTarget section */

/* Begin PBXProject section */
		41E1DD1A2BE8F05000E51D54 /* Project object */ = {
			isa = PBXProject;
			attributes = {
				BuildIndependentTargetsInParallel = 1;
				LastSwiftUpdateCheck = 1530;
				LastUpgradeCheck = 1530;
				TargetAttributes = {
					41E1DD212BE8F05000E51D54 = {
						CreatedOnToolsVersion = 15.3;
					};
				};
			};
			buildConfigurationList = 41E1DD1D2BE8F05000E51D54 /* Build configuration list for PBXProject "CombineTest" */;
			compatibilityVersion = "Xcode 14.0";
			developmentRegion = en;
			hasScannedForEncodings = 0;
			knownRegions = (
				en,
				Base,
			);
			mainGroup = 41E1DD192BE8F05000E51D54;
			packageReferences = (
				41E1DD392BE8F2CB00E51D54 /* XCRemoteSwiftPackageReference "kakao-ios-sdk" */,
				41E1DD472BE90D1500E51D54 /* XCRemoteSwiftPackageReference "SnapKit" */,
			);
			productRefGroup = 41E1DD232BE8F05000E51D54 /* Products */;
			projectDirPath = "";
			projectRoot = "";
			targets = (
				41E1DD212BE8F05000E51D54 /* CombineTest */,
			);
		};
/* End PBXProject section */

/* Begin PBXResourcesBuildPhase section */
		41E1DD202BE8F05000E51D54 /* Resources */ = {
			isa = PBXResourcesBuildPhase;
			buildActionMask = 2147483647;
			files = (
				41E1DD2F2BE8F05100E51D54 /* Assets.xcassets in Resources */,
				41E1DD322BE8F05100E51D54 /* Base in Resources */,
			);
			runOnlyForDeploymentPostprocessing = 0;
		};
/* End PBXResourcesBuildPhase section */

/* Begin PBXSourcesBuildPhase section */
		41E1DD1E2BE8F05000E51D54 /* Sources */ = {
			isa = PBXSourcesBuildPhase;
			buildActionMask = 2147483647;
			files = (
				41998EB32BFD88F900DF3043 /* API_KEY.swift in Sources */,
				417192C72C0C4207001AE169 /* Extension_URLComponents.swift in Sources */,
				41E1DD512BE9112800E51D54 /* SearchTableViewCell.swift in Sources */,
				41E1DD3D2BE8F44E00E51D54 /* Book.swift in Sources */,
				41A332DF2BEE80B7007B6FF2 /* BookDetailViewController.swift in Sources */,
				41A332E12BEE80C0007B6FF2 /* BookDetailViewModel.swift in Sources */,
				41F348A32BEBBEAF0070A8ED /* Extension_String.swift in Sources */,
				41E1DD432BE90A9200E51D54 /* SearchViewModel.swift in Sources */,
				41F348A52BEBBEC10070A8ED /* Extension_Date.swift in Sources */,
				41E1DD4F2BE90D6D00E51D54 /* SearchViewController.swift in Sources */,
				4100F59B2BF10AEB007A47D2 /* BookDetailService.swift in Sources */,
				41E1DD262BE8F05000E51D54 /* AppDelegate.swift in Sources */,
				41E1DD282BE8F05000E51D54 /* SceneDelegate.swift in Sources */,
				41E1DD412BE906FB00E51D54 /* SearchService.swift in Sources */,
				41E1DD3F2BE9033D00E51D54 /* BookDocument.swift in Sources */,
			);
			runOnlyForDeploymentPostprocessing = 0;
		};
/* End PBXSourcesBuildPhase section */

/* Begin PBXVariantGroup section */
		41E1DD302BE8F05100E51D54 /* LaunchScreen.storyboard */ = {
			isa = PBXVariantGroup;
			children = (
				41E1DD312BE8F05100E51D54 /* Base */,
			);
			name = LaunchScreen.storyboard;
			sourceTree = "<group>";
		};
/* End PBXVariantGroup section */

/* Begin XCBuildConfiguration section */
		41E1DD342BE8F05100E51D54 /* Debug */ = {
			isa = XCBuildConfiguration;
			buildSettings = {
				ALWAYS_SEARCH_USER_PATHS = NO;
				ASSETCATALOG_COMPILER_GENERATE_SWIFT_ASSET_SYMBOL_EXTENSIONS = YES;
				CLANG_ANALYZER_NONNULL = YES;
				CLANG_ANALYZER_NUMBER_OBJECT_CONVERSION = YES_AGGRESSIVE;
				CLANG_CXX_LANGUAGE_STANDARD = "gnu++20";
				CLANG_ENABLE_MODULES = YES;
				CLANG_ENABLE_OBJC_ARC = YES;
				CLANG_ENABLE_OBJC_WEAK = YES;
				CLANG_WARN_BLOCK_CAPTURE_AUTORELEASING = YES;
				CLANG_WARN_BOOL_CONVERSION = YES;
				CLANG_WARN_COMMA = YES;
				CLANG_WARN_CONSTANT_CONVERSION = YES;
				CLANG_WARN_DEPRECATED_OBJC_IMPLEMENTATIONS = YES;
				CLANG_WARN_DIRECT_OBJC_ISA_USAGE = YES_ERROR;
				CLANG_WARN_DOCUMENTATION_COMMENTS = YES;
				CLANG_WARN_EMPTY_BODY = YES;
				CLANG_WARN_ENUM_CONVERSION = YES;
				CLANG_WARN_INFINITE_RECURSION = YES;
				CLANG_WARN_INT_CONVERSION = YES;
				CLANG_WARN_NON_LITERAL_NULL_CONVERSION = YES;
				CLANG_WARN_OBJC_IMPLICIT_RETAIN_SELF = YES;
				CLANG_WARN_OBJC_LITERAL_CONVERSION = YES;
				CLANG_WARN_OBJC_ROOT_CLASS = YES_ERROR;
				CLANG_WARN_QUOTED_INCLUDE_IN_FRAMEWORK_HEADER = YES;
				CLANG_WARN_RANGE_LOOP_ANALYSIS = YES;
				CLANG_WARN_STRICT_PROTOTYPES = YES;
				CLANG_WARN_SUSPICIOUS_MOVE = YES;
				CLANG_WARN_UNGUARDED_AVAILABILITY = YES_AGGRESSIVE;
				CLANG_WARN_UNREACHABLE_CODE = YES;
				CLANG_WARN__DUPLICATE_METHOD_MATCH = YES;
				COPY_PHASE_STRIP = NO;
				DEBUG_INFORMATION_FORMAT = dwarf;
				ENABLE_STRICT_OBJC_MSGSEND = YES;
				ENABLE_TESTABILITY = YES;
				ENABLE_USER_SCRIPT_SANDBOXING = YES;
				GCC_C_LANGUAGE_STANDARD = gnu17;
				GCC_DYNAMIC_NO_PIC = NO;
				GCC_NO_COMMON_BLOCKS = YES;
				GCC_OPTIMIZATION_LEVEL = 0;
				GCC_PREPROCESSOR_DEFINITIONS = (
					"DEBUG=1",
					"$(inherited)",
				);
				GCC_WARN_64_TO_32_BIT_CONVERSION = YES;
				GCC_WARN_ABOUT_RETURN_TYPE = YES_ERROR;
				GCC_WARN_UNDECLARED_SELECTOR = YES;
				GCC_WARN_UNINITIALIZED_AUTOS = YES_AGGRESSIVE;
				GCC_WARN_UNUSED_FUNCTION = YES;
				GCC_WARN_UNUSED_VARIABLE = YES;
				IPHONEOS_DEPLOYMENT_TARGET = 17.4;
				LOCALIZATION_PREFERS_STRING_CATALOGS = YES;
				MTL_ENABLE_DEBUG_INFO = INCLUDE_SOURCE;
				MTL_FAST_MATH = YES;
				ONLY_ACTIVE_ARCH = YES;
				SDKROOT = iphoneos;
				SWIFT_ACTIVE_COMPILATION_CONDITIONS = "DEBUG $(inherited)";
				SWIFT_OPTIMIZATION_LEVEL = "-Onone";
			};
			name = Debug;
		};
		41E1DD352BE8F05100E51D54 /* Release */ = {
			isa = XCBuildConfiguration;
			buildSettings = {
				ALWAYS_SEARCH_USER_PATHS = NO;
				ASSETCATALOG_COMPILER_GENERATE_SWIFT_ASSET_SYMBOL_EXTENSIONS = YES;
				CLANG_ANALYZER_NONNULL = YES;
				CLANG_ANALYZER_NUMBER_OBJECT_CONVERSION = YES_AGGRESSIVE;
				CLANG_CXX_LANGUAGE_STANDARD = "gnu++20";
				CLANG_ENABLE_MODULES = YES;
				CLANG_ENABLE_OBJC_ARC = YES;
				CLANG_ENABLE_OBJC_WEAK = YES;
				CLANG_WARN_BLOCK_CAPTURE_AUTORELEASING = YES;
				CLANG_WARN_BOOL_CONVERSION = YES;
				CLANG_WARN_COMMA = YES;
				CLANG_WARN_CONSTANT_CONVERSION = YES;
				CLANG_WARN_DEPRECATED_OBJC_IMPLEMENTATIONS = YES;
				CLANG_WARN_DIRECT_OBJC_ISA_USAGE = YES_ERROR;
				CLANG_WARN_DOCUMENTATION_COMMENTS = YES;
				CLANG_WARN_EMPTY_BODY = YES;
				CLANG_WARN_ENUM_CONVERSION = YES;
				CLANG_WARN_INFINITE_RECURSION = YES;
				CLANG_WARN_INT_CONVERSION = YES;
				CLANG_WARN_NON_LITERAL_NULL_CONVERSION = YES;
				CLANG_WARN_OBJC_IMPLICIT_RETAIN_SELF = YES;
				CLANG_WARN_OBJC_LITERAL_CONVERSION = YES;
				CLANG_WARN_OBJC_ROOT_CLASS = YES_ERROR;
				CLANG_WARN_QUOTED_INCLUDE_IN_FRAMEWORK_HEADER = YES;
				CLANG_WARN_RANGE_LOOP_ANALYSIS = YES;
				CLANG_WARN_STRICT_PROTOTYPES = YES;
				CLANG_WARN_SUSPICIOUS_MOVE = YES;
				CLANG_WARN_UNGUARDED_AVAILABILITY = YES_AGGRESSIVE;
				CLANG_WARN_UNREACHABLE_CODE = YES;
				CLANG_WARN__DUPLICATE_METHOD_MATCH = YES;
				COPY_PHASE_STRIP = NO;
				DEBUG_INFORMATION_FORMAT = "dwarf-with-dsym";
				ENABLE_NS_ASSERTIONS = NO;
				ENABLE_STRICT_OBJC_MSGSEND = YES;
				ENABLE_USER_SCRIPT_SANDBOXING = YES;
				GCC_C_LANGUAGE_STANDARD = gnu17;
				GCC_NO_COMMON_BLOCKS = YES;
				GCC_WARN_64_TO_32_BIT_CONVERSION = YES;
				GCC_WARN_ABOUT_RETURN_TYPE = YES_ERROR;
				GCC_WARN_UNDECLARED_SELECTOR = YES;
				GCC_WARN_UNINITIALIZED_AUTOS = YES_AGGRESSIVE;
				GCC_WARN_UNUSED_FUNCTION = YES;
				GCC_WARN_UNUSED_VARIABLE = YES;
				IPHONEOS_DEPLOYMENT_TARGET = 17.4;
				LOCALIZATION_PREFERS_STRING_CATALOGS = YES;
				MTL_ENABLE_DEBUG_INFO = NO;
				MTL_FAST_MATH = YES;
				SDKROOT = iphoneos;
				SWIFT_COMPILATION_MODE = wholemodule;
				VALIDATE_PRODUCT = YES;
			};
			name = Release;
		};
		41E1DD372BE8F05100E51D54 /* Debug */ = {
			isa = XCBuildConfiguration;
			buildSettings = {
				ASSETCATALOG_COMPILER_APPICON_NAME = AppIcon;
				ASSETCATALOG_COMPILER_GLOBAL_ACCENT_COLOR_NAME = AccentColor;
				CODE_SIGN_STYLE = Automatic;
				CURRENT_PROJECT_VERSION = 1;
				DEVELOPMENT_TEAM = 9UU59NTC96;
				GENERATE_INFOPLIST_FILE = YES;
				INFOPLIST_FILE = CombineTest/Info.plist;
				INFOPLIST_KEY_UIApplicationSupportsIndirectInputEvents = YES;
				INFOPLIST_KEY_UILaunchStoryboardName = LaunchScreen;
				INFOPLIST_KEY_UISupportedInterfaceOrientations_iPad = "UIInterfaceOrientationPortrait UIInterfaceOrientationPortraitUpsideDown UIInterfaceOrientationLandscapeLeft UIInterfaceOrientationLandscapeRight";
				INFOPLIST_KEY_UISupportedInterfaceOrientations_iPhone = "UIInterfaceOrientationPortrait UIInterfaceOrientationLandscapeLeft UIInterfaceOrientationLandscapeRight";
				LD_RUNPATH_SEARCH_PATHS = (
					"$(inherited)",
					"@executable_path/Frameworks",
				);
				MARKETING_VERSION = 1.0;
				PRODUCT_BUNDLE_IDENTIFIER = com.Ruel.CombineTest;
				PRODUCT_NAME = "$(TARGET_NAME)";
				SWIFT_EMIT_LOC_STRINGS = YES;
				SWIFT_VERSION = 5.0;
				TARGETED_DEVICE_FAMILY = "1,2";
			};
			name = Debug;
		};
		41E1DD382BE8F05100E51D54 /* Release */ = {
			isa = XCBuildConfiguration;
			buildSettings = {
				ASSETCATALOG_COMPILER_APPICON_NAME = AppIcon;
				ASSETCATALOG_COMPILER_GLOBAL_ACCENT_COLOR_NAME = AccentColor;
				CODE_SIGN_STYLE = Automatic;
				CURRENT_PROJECT_VERSION = 1;
				DEVELOPMENT_TEAM = 9UU59NTC96;
				GENERATE_INFOPLIST_FILE = YES;
				INFOPLIST_FILE = CombineTest/Info.plist;
				INFOPLIST_KEY_UIApplicationSupportsIndirectInputEvents = YES;
				INFOPLIST_KEY_UILaunchStoryboardName = LaunchScreen;
				INFOPLIST_KEY_UISupportedInterfaceOrientations_iPad = "UIInterfaceOrientationPortrait UIInterfaceOrientationPortraitUpsideDown UIInterfaceOrientationLandscapeLeft UIInterfaceOrientationLandscapeRight";
				INFOPLIST_KEY_UISupportedInterfaceOrientations_iPhone = "UIInterfaceOrientationPortrait UIInterfaceOrientationLandscapeLeft UIInterfaceOrientationLandscapeRight";
				LD_RUNPATH_SEARCH_PATHS = (
					"$(inherited)",
					"@executable_path/Frameworks",
				);
				MARKETING_VERSION = 1.0;
				PRODUCT_BUNDLE_IDENTIFIER = com.Ruel.CombineTest;
				PRODUCT_NAME = "$(TARGET_NAME)";
				SWIFT_EMIT_LOC_STRINGS = YES;
				SWIFT_VERSION = 5.0;
				TARGETED_DEVICE_FAMILY = "1,2";
			};
			name = Release;
		};
/* End XCBuildConfiguration section */

/* Begin XCConfigurationList section */
		41E1DD1D2BE8F05000E51D54 /* Build configuration list for PBXProject "CombineTest" */ = {
			isa = XCConfigurationList;
			buildConfigurations = (
				41E1DD342BE8F05100E51D54 /* Debug */,
				41E1DD352BE8F05100E51D54 /* Release */,
			);
			defaultConfigurationIsVisible = 0;
			defaultConfigurationName = Release;
		};
		41E1DD362BE8F05100E51D54 /* Build configuration list for PBXNativeTarget "CombineTest" */ = {
			isa = XCConfigurationList;
			buildConfigurations = (
				41E1DD372BE8F05100E51D54 /* Debug */,
				41E1DD382BE8F05100E51D54 /* Release */,
			);
			defaultConfigurationIsVisible = 0;
			defaultConfigurationName = Release;
		};
/* End XCConfigurationList section */

/* Begin XCRemoteSwiftPackageReference section */
		41E1DD392BE8F2CB00E51D54 /* XCRemoteSwiftPackageReference "kakao-ios-sdk" */ = {
			isa = XCRemoteSwiftPackageReference;
			repositoryURL = "https://github.com/kakao/kakao-ios-sdk";
			requirement = {
				branch = master;
				kind = branch;
			};
		};
		41E1DD472BE90D1500E51D54 /* XCRemoteSwiftPackageReference "SnapKit" */ = {
			isa = XCRemoteSwiftPackageReference;
			repositoryURL = "https://github.com/SnapKit/SnapKit.git";
			requirement = {
				kind = upToNextMajorVersion;
				minimumVersion = 5.7.1;
			};
		};
/* End XCRemoteSwiftPackageReference section */

/* Begin XCSwiftPackageProductDependency section */
		41E1DD3A2BE8F2CB00E51D54 /* KakaoSDK */ = {
			isa = XCSwiftPackageProductDependency;
			package = 41E1DD392BE8F2CB00E51D54 /* XCRemoteSwiftPackageReference "kakao-ios-sdk" */;
			productName = KakaoSDK;
		};
		41E1DD482BE90D1500E51D54 /* SnapKit */ = {
			isa = XCSwiftPackageProductDependency;
			package = 41E1DD472BE90D1500E51D54 /* XCRemoteSwiftPackageReference "SnapKit" */;
			productName = SnapKit;
		};
/* End XCSwiftPackageProductDependency section */
	};
	rootObject = 41E1DD1A2BE8F05000E51D54 /* Project object */;
}
