// !$*UTF8*$!
{
	archiveVersion = 1;
	classes = {
	};
	objectVersion = 56;
	objects = {

/* Begin PBXBuildFile section */
		417188A12C2A5C7D00FCFF2D /* WeatherKit_AsyncAwaitApp.swift in Sources */ = {isa = PBXBuildFile; fileRef = 417188A02C2A5C7D00FCFF2D /* WeatherKit_AsyncAwaitApp.swift */; };
		417188A32C2A5C7D00FCFF2D /* ContentView.swift in Sources */ = {isa = PBXBuildFile; fileRef = 417188A22C2A5C7D00FCFF2D /* ContentView.swift */; };
		417188A52C2A5C7E00FCFF2D /* Assets.xcassets in Resources */ = {isa = PBXBuildFile; fileRef = 417188A42C2A5C7E00FCFF2D /* Assets.xcassets */; };
		417188A82C2A5C7E00FCFF2D /* Preview Assets.xcassets in Resources */ = {isa = PBXBuildFile; fileRef = 417188A72C2A5C7E00FCFF2D /* Preview Assets.xcassets */; };
		417188BA2C2A7E3900FCFF2D /* LocationManager.swift in Sources */ = {isa = PBXBuildFile; fileRef = 417188B92C2A7E3900FCFF2D /* LocationManager.swift */; };
		417188BC2C2A7FA000FCFF2D /* WeatherData.swift in Sources */ = {isa = PBXBuildFile; fileRef = 417188BB2C2A7FA000FCFF2D /* WeatherData.swift */; };
		417188BE2C2A801300FCFF2D /* WeatherViewModel.swift in Sources */ = {isa = PBXBuildFile; fileRef = 417188BD2C2A801300FCFF2D /* WeatherViewModel.swift */; };
		417188C02C2A900E00FCFF2D /* WeatherDailyRow.swift in Sources */ = {isa = PBXBuildFile; fileRef = 417188BF2C2A900E00FCFF2D /* WeatherDailyRow.swift */; };
		417188C22C2A965C00FCFF2D /* DayWeatherData.swift in Sources */ = {isa = PBXBuildFile; fileRef = 417188C12C2A965C00FCFF2D /* DayWeatherData.swift */; };
		417188C42C2AA91400FCFF2D /* HourWeatherData.swift in Sources */ = {isa = PBXBuildFile; fileRef = 417188C32C2AA91400FCFF2D /* HourWeatherData.swift */; };
		417188C62C2AABFB00FCFF2D /* WeatherHourRow.swift in Sources */ = {isa = PBXBuildFile; fileRef = 417188C52C2AABFB00FCFF2D /* WeatherHourRow.swift */; };
		4184C62B2C2B9AA1008D19E9 /* WeatherContentView.swift in Sources */ = {isa = PBXBuildFile; fileRef = 4184C62A2C2B9AA1008D19E9 /* WeatherContentView.swift */; };
		4184C6302C2B9B24008D19E9 /* Home.swift in Sources */ = {isa = PBXBuildFile; fileRef = 4184C62F2C2B9B24008D19E9 /* Home.swift */; };
		4184C6322C2B9D37008D19E9 /* CustomStackView.swift in Sources */ = {isa = PBXBuildFile; fileRef = 4184C6312C2B9D37008D19E9 /* CustomStackView.swift */; };
		4184C6342C2BA069008D19E9 /* CustomCourner.swift in Sources */ = {isa = PBXBuildFile; fileRef = 4184C6332C2BA069008D19E9 /* CustomCourner.swift */; };
		4184C6362C2BB0B6008D19E9 /* WeatherDataView.swift in Sources */ = {isa = PBXBuildFile; fileRef = 4184C6352C2BB0B6008D19E9 /* WeatherDataView.swift */; };
		4184C6382C2BB207008D19E9 /* Forecast.swift in Sources */ = {isa = PBXBuildFile; fileRef = 4184C6372C2BB207008D19E9 /* Forecast.swift */; };
/* End PBXBuildFile section */

/* Begin PBXFileReference section */
		4171889D2C2A5C7D00FCFF2D /* WeatherKit_AsyncAwait.app */ = {isa = PBXFileReference; explicitFileType = wrapper.application; includeInIndex = 0; path = WeatherKit_AsyncAwait.app; sourceTree = BUILT_PRODUCTS_DIR; };
		417188A02C2A5C7D00FCFF2D /* WeatherKit_AsyncAwaitApp.swift */ = {isa = PBXFileReference; lastKnownFileType = sourcecode.swift; path = WeatherKit_AsyncAwaitApp.swift; sourceTree = "<group>"; };
		417188A22C2A5C7D00FCFF2D /* ContentView.swift */ = {isa = PBXFileReference; lastKnownFileType = sourcecode.swift; path = ContentView.swift; sourceTree = "<group>"; };
		417188A42C2A5C7E00FCFF2D /* Assets.xcassets */ = {isa = PBXFileReference; lastKnownFileType = folder.assetcatalog; path = Assets.xcassets; sourceTree = "<group>"; };
		417188A72C2A5C7E00FCFF2D /* Preview Assets.xcassets */ = {isa = PBXFileReference; lastKnownFileType = folder.assetcatalog; path = "Preview Assets.xcassets"; sourceTree = "<group>"; };
		417188AE2C2A5DED00FCFF2D /* WeatherKit_AsyncAwait.entitlements */ = {isa = PBXFileReference; lastKnownFileType = text.plist.entitlements; path = WeatherKit_AsyncAwait.entitlements; sourceTree = "<group>"; };
		417188B92C2A7E3900FCFF2D /* LocationManager.swift */ = {isa = PBXFileReference; lastKnownFileType = sourcecode.swift; path = LocationManager.swift; sourceTree = "<group>"; };
		417188BB2C2A7FA000FCFF2D /* WeatherData.swift */ = {isa = PBXFileReference; lastKnownFileType = sourcecode.swift; path = WeatherData.swift; sourceTree = "<group>"; };
		417188BD2C2A801300FCFF2D /* WeatherViewModel.swift */ = {isa = PBXFileReference; lastKnownFileType = sourcecode.swift; path = WeatherViewModel.swift; sourceTree = "<group>"; };
		417188BF2C2A900E00FCFF2D /* WeatherDailyRow.swift */ = {isa = PBXFileReference; lastKnownFileType = sourcecode.swift; path = WeatherDailyRow.swift; sourceTree = "<group>"; };
		417188C12C2A965C00FCFF2D /* DayWeatherData.swift */ = {isa = PBXFileReference; lastKnownFileType = sourcecode.swift; path = DayWeatherData.swift; sourceTree = "<group>"; };
		417188C32C2AA91400FCFF2D /* HourWeatherData.swift */ = {isa = PBXFileReference; lastKnownFileType = sourcecode.swift; path = HourWeatherData.swift; sourceTree = "<group>"; };
		417188C52C2AABFB00FCFF2D /* WeatherHourRow.swift */ = {isa = PBXFileReference; lastKnownFileType = sourcecode.swift; path = WeatherHourRow.swift; sourceTree = "<group>"; };
		4184C62A2C2B9AA1008D19E9 /* WeatherContentView.swift */ = {isa = PBXFileReference; lastKnownFileType = sourcecode.swift; path = WeatherContentView.swift; sourceTree = "<group>"; };
		4184C62F2C2B9B24008D19E9 /* Home.swift */ = {isa = PBXFileReference; lastKnownFileType = sourcecode.swift; path = Home.swift; sourceTree = "<group>"; };
		4184C6312C2B9D37008D19E9 /* CustomStackView.swift */ = {isa = PBXFileReference; lastKnownFileType = sourcecode.swift; path = CustomStackView.swift; sourceTree = "<group>"; };
		4184C6332C2BA069008D19E9 /* CustomCourner.swift */ = {isa = PBXFileReference; lastKnownFileType = sourcecode.swift; path = CustomCourner.swift; sourceTree = "<group>"; };
		4184C6352C2BB0B6008D19E9 /* WeatherDataView.swift */ = {isa = PBXFileReference; lastKnownFileType = sourcecode.swift; path = WeatherDataView.swift; sourceTree = "<group>"; };
		4184C6372C2BB207008D19E9 /* Forecast.swift */ = {isa = PBXFileReference; lastKnownFileType = sourcecode.swift; path = Forecast.swift; sourceTree = "<group>"; };
/* End PBXFileReference section */

/* Begin PBXFrameworksBuildPhase section */
		4171889A2C2A5C7D00FCFF2D /* Frameworks */ = {
			isa = PBXFrameworksBuildPhase;
			buildActionMask = 2147483647;
			files = (
			);
			runOnlyForDeploymentPostprocessing = 0;
		};
/* End PBXFrameworksBuildPhase section */

/* Begin PBXGroup section */
		417188942C2A5C7D00FCFF2D = {
			isa = PBXGroup;
			children = (
				4171889F2C2A5C7D00FCFF2D /* WeatherKit_AsyncAwait */,
				4171889E2C2A5C7D00FCFF2D /* Products */,
			);
			sourceTree = "<group>";
		};
		4171889E2C2A5C7D00FCFF2D /* Products */ = {
			isa = PBXGroup;
			children = (
				4171889D2C2A5C7D00FCFF2D /* WeatherKit_AsyncAwait.app */,
			);
			name = Products;
			sourceTree = "<group>";
		};
		4171889F2C2A5C7D00FCFF2D /* WeatherKit_AsyncAwait */ = {
			isa = PBXGroup;
			children = (
				4184C62C2C2B9AF7008D19E9 /* New Group */,
				417188AE2C2A5DED00FCFF2D /* WeatherKit_AsyncAwait.entitlements */,
				417188A02C2A5C7D00FCFF2D /* WeatherKit_AsyncAwaitApp.swift */,
				417188A22C2A5C7D00FCFF2D /* ContentView.swift */,
				417188BF2C2A900E00FCFF2D /* WeatherDailyRow.swift */,
				417188BB2C2A7FA000FCFF2D /* WeatherData.swift */,
				417188C32C2AA91400FCFF2D /* HourWeatherData.swift */,
				417188C12C2A965C00FCFF2D /* DayWeatherData.swift */,
				417188A42C2A5C7E00FCFF2D /* Assets.xcassets */,
				417188A62C2A5C7E00FCFF2D /* Preview Content */,
				417188BD2C2A801300FCFF2D /* WeatherViewModel.swift */,
				417188C52C2AABFB00FCFF2D /* WeatherHourRow.swift */,
				417188B92C2A7E3900FCFF2D /* LocationManager.swift */,
			);
			path = WeatherKit_AsyncAwait;
			sourceTree = "<group>";
		};
		417188A62C2A5C7E00FCFF2D /* Preview Content */ = {
			isa = PBXGroup;
			children = (
				417188A72C2A5C7E00FCFF2D /* Preview Assets.xcassets */,
			);
			path = "Preview Content";
			sourceTree = "<group>";
		};
		4184C62C2C2B9AF7008D19E9 /* New Group */ = {
			isa = PBXGroup;
			children = (
				4184C62E2C2B9B13008D19E9 /* Model */,
				4184C62D2C2B9B11008D19E9 /* View */,
				4184C62A2C2B9AA1008D19E9 /* WeatherContentView.swift */,
			);
			path = "New Group";
			sourceTree = "<group>";
		};
		4184C62D2C2B9B11008D19E9 /* View */ = {
			isa = PBXGroup;
			children = (
				4184C62F2C2B9B24008D19E9 /* Home.swift */,
				4184C6312C2B9D37008D19E9 /* CustomStackView.swift */,
				4184C6332C2BA069008D19E9 /* CustomCourner.swift */,
				4184C6352C2BB0B6008D19E9 /* WeatherDataView.swift */,
			);
			path = View;
			sourceTree = "<group>";
		};
		4184C62E2C2B9B13008D19E9 /* Model */ = {
			isa = PBXGroup;
			children = (
				4184C6372C2BB207008D19E9 /* Forecast.swift */,
			);
			path = Model;
			sourceTree = "<group>";
		};
/* End PBXGroup section */

/* Begin PBXNativeTarget section */
		4171889C2C2A5C7D00FCFF2D /* WeatherKit_AsyncAwait */ = {
			isa = PBXNativeTarget;
			buildConfigurationList = 417188AB2C2A5C7E00FCFF2D /* Build configuration list for PBXNativeTarget "WeatherKit_AsyncAwait" */;
			buildPhases = (
				417188992C2A5C7D00FCFF2D /* Sources */,
				4171889A2C2A5C7D00FCFF2D /* Frameworks */,
				4171889B2C2A5C7D00FCFF2D /* Resources */,
			);
			buildRules = (
			);
			dependencies = (
			);
			name = WeatherKit_AsyncAwait;
			productName = WeatherKit_AsyncAwait;
			productReference = 4171889D2C2A5C7D00FCFF2D /* WeatherKit_AsyncAwait.app */;
			productType = "com.apple.product-type.application";
		};
/* End PBXNativeTarget section */

/* Begin PBXProject section */
		417188952C2A5C7D00FCFF2D /* Project object */ = {
			isa = PBXProject;
			attributes = {
				BuildIndependentTargetsInParallel = 1;
				LastSwiftUpdateCheck = 1540;
				LastUpgradeCheck = 1540;
				TargetAttributes = {
					4171889C2C2A5C7D00FCFF2D = {
						CreatedOnToolsVersion = 15.4;
					};
				};
			};
			buildConfigurationList = 417188982C2A5C7D00FCFF2D /* Build configuration list for PBXProject "WeatherKit_AsyncAwait" */;
			compatibilityVersion = "Xcode 14.0";
			developmentRegion = en;
			hasScannedForEncodings = 0;
			knownRegions = (
				en,
				Base,
			);
			mainGroup = 417188942C2A5C7D00FCFF2D;
			productRefGroup = 4171889E2C2A5C7D00FCFF2D /* Products */;
			projectDirPath = "";
			projectRoot = "";
			targets = (
				4171889C2C2A5C7D00FCFF2D /* WeatherKit_AsyncAwait */,
			);
		};
/* End PBXProject section */

/* Begin PBXResourcesBuildPhase section */
		4171889B2C2A5C7D00FCFF2D /* Resources */ = {
			isa = PBXResourcesBuildPhase;
			buildActionMask = 2147483647;
			files = (
				417188A82C2A5C7E00FCFF2D /* Preview Assets.xcassets in Resources */,
				417188A52C2A5C7E00FCFF2D /* Assets.xcassets in Resources */,
			);
			runOnlyForDeploymentPostprocessing = 0;
		};
/* End PBXResourcesBuildPhase section */

/* Begin PBXSourcesBuildPhase section */
		417188992C2A5C7D00FCFF2D /* Sources */ = {
			isa = PBXSourcesBuildPhase;
			buildActionMask = 2147483647;
			files = (
				4184C6342C2BA069008D19E9 /* CustomCourner.swift in Sources */,
				4184C6362C2BB0B6008D19E9 /* WeatherDataView.swift in Sources */,
				4184C6322C2B9D37008D19E9 /* CustomStackView.swift in Sources */,
				417188C42C2AA91400FCFF2D /* HourWeatherData.swift in Sources */,
				4184C6382C2BB207008D19E9 /* Forecast.swift in Sources */,
				417188BE2C2A801300FCFF2D /* WeatherViewModel.swift in Sources */,
				417188A32C2A5C7D00FCFF2D /* ContentView.swift in Sources */,
				4184C6302C2B9B24008D19E9 /* Home.swift in Sources */,
				417188BA2C2A7E3900FCFF2D /* LocationManager.swift in Sources */,
				417188C62C2AABFB00FCFF2D /* WeatherHourRow.swift in Sources */,
				4184C62B2C2B9AA1008D19E9 /* WeatherContentView.swift in Sources */,
				417188C02C2A900E00FCFF2D /* WeatherDailyRow.swift in Sources */,
				417188BC2C2A7FA000FCFF2D /* WeatherData.swift in Sources */,
				417188C22C2A965C00FCFF2D /* DayWeatherData.swift in Sources */,
				417188A12C2A5C7D00FCFF2D /* WeatherKit_AsyncAwaitApp.swift in Sources */,
			);
			runOnlyForDeploymentPostprocessing = 0;
		};
/* End PBXSourcesBuildPhase section */

/* Begin XCBuildConfiguration section */
		417188A92C2A5C7E00FCFF2D /* Debug */ = {
			isa = XCBuildConfiguration;
			buildSettings = {
				ALWAYS_SEARCH_USER_PATHS = NO;
				ASSETCATALOG_COMPILER_GENERATE_SWIFT_ASSET_SYMBOL_EXTENSIONS = YES;
				CLANG_ANALYZER_NONNULL = YES;
				CLANG_ANALYZER_NUMBER_OBJECT_CONVERSION = YES_AGGRESSIVE;
				CLANG_CXX_LANGUAGE_STANDARD = "gnu++20";
				CLANG_ENABLE_MODULES = YES;
				CLANG_ENABLE_OBJC_ARC = YES;
				CLANG_ENABLE_OBJC_WEAK = YES;
				CLANG_WARN_BLOCK_CAPTURE_AUTORELEASING = YES;
				CLANG_WARN_BOOL_CONVERSION = YES;
				CLANG_WARN_COMMA = YES;
				CLANG_WARN_CONSTANT_CONVERSION = YES;
				CLANG_WARN_DEPRECATED_OBJC_IMPLEMENTATIONS = YES;
				CLANG_WARN_DIRECT_OBJC_ISA_USAGE = YES_ERROR;
				CLANG_WARN_DOCUMENTATION_COMMENTS = YES;
				CLANG_WARN_EMPTY_BODY = YES;
				CLANG_WARN_ENUM_CONVERSION = YES;
				CLANG_WARN_INFINITE_RECURSION = YES;
				CLANG_WARN_INT_CONVERSION = YES;
				CLANG_WARN_NON_LITERAL_NULL_CONVERSION = YES;
				CLANG_WARN_OBJC_IMPLICIT_RETAIN_SELF = YES;
				CLANG_WARN_OBJC_LITERAL_CONVERSION = YES;
				CLANG_WARN_OBJC_ROOT_CLASS = YES_ERROR;
				CLANG_WARN_QUOTED_INCLUDE_IN_FRAMEWORK_HEADER = YES;
				CLANG_WARN_RANGE_LOOP_ANALYSIS = YES;
				CLANG_WARN_STRICT_PROTOTYPES = YES;
				CLANG_WARN_SUSPICIOUS_MOVE = YES;
				CLANG_WARN_UNGUARDED_AVAILABILITY = YES_AGGRESSIVE;
				CLANG_WARN_UNREACHABLE_CODE = YES;
				CLANG_WARN__DUPLICATE_METHOD_MATCH = YES;
				COPY_PHASE_STRIP = NO;
				DEBUG_INFORMATION_FORMAT = dwarf;
				ENABLE_STRICT_OBJC_MSGSEND = YES;
				ENABLE_TESTABILITY = YES;
				ENABLE_USER_SCRIPT_SANDBOXING = YES;
				GCC_C_LANGUAGE_STANDARD = gnu17;
				GCC_DYNAMIC_NO_PIC = NO;
				GCC_NO_COMMON_BLOCKS = YES;
				GCC_OPTIMIZATION_LEVEL = 0;
				GCC_PREPROCESSOR_DEFINITIONS = (
					"DEBUG=1",
					"$(inherited)",
				);
				GCC_WARN_64_TO_32_BIT_CONVERSION = YES;
				GCC_WARN_ABOUT_RETURN_TYPE = YES_ERROR;
				GCC_WARN_UNDECLARED_SELECTOR = YES;
				GCC_WARN_UNINITIALIZED_AUTOS = YES_AGGRESSIVE;
				GCC_WARN_UNUSED_FUNCTION = YES;
				GCC_WARN_UNUSED_VARIABLE = YES;
				IPHONEOS_DEPLOYMENT_TARGET = 17.5;
				LOCALIZATION_PREFERS_STRING_CATALOGS = YES;
				MTL_ENABLE_DEBUG_INFO = INCLUDE_SOURCE;
				MTL_FAST_MATH = YES;
				ONLY_ACTIVE_ARCH = YES;
				SDKROOT = iphoneos;
				SWIFT_ACTIVE_COMPILATION_CONDITIONS = "DEBUG $(inherited)";
				SWIFT_OPTIMIZATION_LEVEL = "-Onone";
			};
			name = Debug;
		};
		417188AA2C2A5C7E00FCFF2D /* Release */ = {
			isa = XCBuildConfiguration;
			buildSettings = {
				ALWAYS_SEARCH_USER_PATHS = NO;
				ASSETCATALOG_COMPILER_GENERATE_SWIFT_ASSET_SYMBOL_EXTENSIONS = YES;
				CLANG_ANALYZER_NONNULL = YES;
				CLANG_ANALYZER_NUMBER_OBJECT_CONVERSION = YES_AGGRESSIVE;
				CLANG_CXX_LANGUAGE_STANDARD = "gnu++20";
				CLANG_ENABLE_MODULES = YES;
				CLANG_ENABLE_OBJC_ARC = YES;
				CLANG_ENABLE_OBJC_WEAK = YES;
				CLANG_WARN_BLOCK_CAPTURE_AUTORELEASING = YES;
				CLANG_WARN_BOOL_CONVERSION = YES;
				CLANG_WARN_COMMA = YES;
				CLANG_WARN_CONSTANT_CONVERSION = YES;
				CLANG_WARN_DEPRECATED_OBJC_IMPLEMENTATIONS = YES;
				CLANG_WARN_DIRECT_OBJC_ISA_USAGE = YES_ERROR;
				CLANG_WARN_DOCUMENTATION_COMMENTS = YES;
				CLANG_WARN_EMPTY_BODY = YES;
				CLANG_WARN_ENUM_CONVERSION = YES;
				CLANG_WARN_INFINITE_RECURSION = YES;
				CLANG_WARN_INT_CONVERSION = YES;
				CLANG_WARN_NON_LITERAL_NULL_CONVERSION = YES;
				CLANG_WARN_OBJC_IMPLICIT_RETAIN_SELF = YES;
				CLANG_WARN_OBJC_LITERAL_CONVERSION = YES;
				CLANG_WARN_OBJC_ROOT_CLASS = YES_ERROR;
				CLANG_WARN_QUOTED_INCLUDE_IN_FRAMEWORK_HEADER = YES;
				CLANG_WARN_RANGE_LOOP_ANALYSIS = YES;
				CLANG_WARN_STRICT_PROTOTYPES = YES;
				CLANG_WARN_SUSPICIOUS_MOVE = YES;
				CLANG_WARN_UNGUARDED_AVAILABILITY = YES_AGGRESSIVE;
				CLANG_WARN_UNREACHABLE_CODE = YES;
				CLANG_WARN__DUPLICATE_METHOD_MATCH = YES;
				COPY_PHASE_STRIP = NO;
				DEBUG_INFORMATION_FORMAT = "dwarf-with-dsym";
				ENABLE_NS_ASSERTIONS = NO;
				ENABLE_STRICT_OBJC_MSGSEND = YES;
				ENABLE_USER_SCRIPT_SANDBOXING = YES;
				GCC_C_LANGUAGE_STANDARD = gnu17;
				GCC_NO_COMMON_BLOCKS = YES;
				GCC_WARN_64_TO_32_BIT_CONVERSION = YES;
				GCC_WARN_ABOUT_RETURN_TYPE = YES_ERROR;
				GCC_WARN_UNDECLARED_SELECTOR = YES;
				GCC_WARN_UNINITIALIZED_AUTOS = YES_AGGRESSIVE;
				GCC_WARN_UNUSED_FUNCTION = YES;
				GCC_WARN_UNUSED_VARIABLE = YES;
				IPHONEOS_DEPLOYMENT_TARGET = 17.5;
				LOCALIZATION_PREFERS_STRING_CATALOGS = YES;
				MTL_ENABLE_DEBUG_INFO = NO;
				MTL_FAST_MATH = YES;
				SDKROOT = iphoneos;
				SWIFT_COMPILATION_MODE = wholemodule;
				VALIDATE_PRODUCT = YES;
			};
			name = Release;
		};
		417188AC2C2A5C7E00FCFF2D /* Debug */ = {
			isa = XCBuildConfiguration;
			buildSettings = {
				ASSETCATALOG_COMPILER_APPICON_NAME = AppIcon;
				ASSETCATALOG_COMPILER_GLOBAL_ACCENT_COLOR_NAME = AccentColor;
				CODE_SIGN_ENTITLEMENTS = WeatherKit_AsyncAwait/WeatherKit_AsyncAwait.entitlements;
				CODE_SIGN_STYLE = Automatic;
				CURRENT_PROJECT_VERSION = 1;
				DEVELOPMENT_ASSET_PATHS = "\"WeatherKit_AsyncAwait/Preview Content\"";
				DEVELOPMENT_TEAM = 9UU59NTC96;
				ENABLE_PREVIEWS = YES;
				GENERATE_INFOPLIST_FILE = YES;
				INFOPLIST_KEY_NSLocationWhenInUseUsageDescription = "위치 정보를 사용하기 위해 권한이 필요합니다.";
				INFOPLIST_KEY_UIApplicationSceneManifest_Generation = YES;
				INFOPLIST_KEY_UIApplicationSupportsIndirectInputEvents = YES;
				INFOPLIST_KEY_UILaunchScreen_Generation = YES;
				INFOPLIST_KEY_UISupportedInterfaceOrientations_iPad = "UIInterfaceOrientationPortrait UIInterfaceOrientationPortraitUpsideDown UIInterfaceOrientationLandscapeLeft UIInterfaceOrientationLandscapeRight";
				INFOPLIST_KEY_UISupportedInterfaceOrientations_iPhone = "UIInterfaceOrientationPortrait UIInterfaceOrientationLandscapeLeft UIInterfaceOrientationLandscapeRight";
				LD_RUNPATH_SEARCH_PATHS = (
					"$(inherited)",
					"@executable_path/Frameworks",
				);
				MARKETING_VERSION = 1.0;
				PRODUCT_BUNDLE_IDENTIFIER = com.iOSDevRuel.WeatherKit.AsyncAwait;
				PRODUCT_NAME = "$(TARGET_NAME)";
				SWIFT_EMIT_LOC_STRINGS = YES;
				SWIFT_VERSION = 5.0;
				TARGETED_DEVICE_FAMILY = "1,2";
			};
			name = Debug;
		};
		417188AD2C2A5C7E00FCFF2D /* Release */ = {
			isa = XCBuildConfiguration;
			buildSettings = {
				ASSETCATALOG_COMPILER_APPICON_NAME = AppIcon;
				ASSETCATALOG_COMPILER_GLOBAL_ACCENT_COLOR_NAME = AccentColor;
				CODE_SIGN_ENTITLEMENTS = WeatherKit_AsyncAwait/WeatherKit_AsyncAwait.entitlements;
				CODE_SIGN_STYLE = Automatic;
				CURRENT_PROJECT_VERSION = 1;
				DEVELOPMENT_ASSET_PATHS = "\"WeatherKit_AsyncAwait/Preview Content\"";
				DEVELOPMENT_TEAM = 9UU59NTC96;
				ENABLE_PREVIEWS = YES;
				GENERATE_INFOPLIST_FILE = YES;
				INFOPLIST_KEY_NSLocationWhenInUseUsageDescription = "위치 정보를 사용하기 위해 권한이 필요합니다.";
				INFOPLIST_KEY_UIApplicationSceneManifest_Generation = YES;
				INFOPLIST_KEY_UIApplicationSupportsIndirectInputEvents = YES;
				INFOPLIST_KEY_UILaunchScreen_Generation = YES;
				INFOPLIST_KEY_UISupportedInterfaceOrientations_iPad = "UIInterfaceOrientationPortrait UIInterfaceOrientationPortraitUpsideDown UIInterfaceOrientationLandscapeLeft UIInterfaceOrientationLandscapeRight";
				INFOPLIST_KEY_UISupportedInterfaceOrientations_iPhone = "UIInterfaceOrientationPortrait UIInterfaceOrientationLandscapeLeft UIInterfaceOrientationLandscapeRight";
				LD_RUNPATH_SEARCH_PATHS = (
					"$(inherited)",
					"@executable_path/Frameworks",
				);
				MARKETING_VERSION = 1.0;
				PRODUCT_BUNDLE_IDENTIFIER = com.iOSDevRuel.WeatherKit.AsyncAwait;
				PRODUCT_NAME = "$(TARGET_NAME)";
				SWIFT_EMIT_LOC_STRINGS = YES;
				SWIFT_VERSION = 5.0;
				TARGETED_DEVICE_FAMILY = "1,2";
			};
			name = Release;
		};
/* End XCBuildConfiguration section */

/* Begin XCConfigurationList section */
		417188982C2A5C7D00FCFF2D /* Build configuration list for PBXProject "WeatherKit_AsyncAwait" */ = {
			isa = XCConfigurationList;
			buildConfigurations = (
				417188A92C2A5C7E00FCFF2D /* Debug */,
				417188AA2C2A5C7E00FCFF2D /* Release */,
			);
			defaultConfigurationIsVisible = 0;
			defaultConfigurationName = Release;
		};
		417188AB2C2A5C7E00FCFF2D /* Build configuration list for PBXNativeTarget "WeatherKit_AsyncAwait" */ = {
			isa = XCConfigurationList;
			buildConfigurations = (
				417188AC2C2A5C7E00FCFF2D /* Debug */,
				417188AD2C2A5C7E00FCFF2D /* Release */,
			);
			defaultConfigurationIsVisible = 0;
			defaultConfigurationName = Release;
		};
/* End XCConfigurationList section */
	};
	rootObject = 417188952C2A5C7D00FCFF2D /* Project object */;
}
