// !$*UTF8*$!
{
	archiveVersion = 1;
	classes = {
	};
	objectVersion = 56;
	objects = {

/* Begin PBXBuildFile section */
		410590D32C4DEDAF000888FB /* FirebaseAuth in Frameworks */ = {isa = PBXBuildFile; productRef = 410590D22C4DEDAF000888FB /* FirebaseAuth */; };
		410590D52C4DEDAF000888FB /* FirebaseFirestore in Frameworks */ = {isa = PBXBuildFile; productRef = 410590D42C4DEDAF000888FB /* FirebaseFirestore */; };
		410590D72C4DEDAF000888FB /* FirebaseFirestoreSwift in Frameworks */ = {isa = PBXBuildFile; productRef = 410590D62C4DEDAF000888FB /* FirebaseFirestoreSwift */; };
		410590D92C4DF8AE000888FB /* Note.swift in Sources */ = {isa = PBXBuildFile; fileRef = 410590D82C4DF8AE000888FB /* Note.swift */; };
		410590DB2C4DF8F7000888FB /* NoteViewModel.swift in Sources */ = {isa = PBXBuildFile; fileRef = 410590DA2C4DF8F7000888FB /* NoteViewModel.swift */; };
		410590DD2C4DFC0D000888FB /* FormView.swift in Sources */ = {isa = PBXBuildFile; fileRef = 410590DC2C4DFC0D000888FB /* FormView.swift */; };
		410590DF2C4E2182000888FB /* DetailsView.swift in Sources */ = {isa = PBXBuildFile; fileRef = 410590DE2C4E2182000888FB /* DetailsView.swift */; };
		418C2DB62C4DE891008C92F4 /* Note_AppApp.swift in Sources */ = {isa = PBXBuildFile; fileRef = 418C2DB52C4DE891008C92F4 /* Note_AppApp.swift */; };
		418C2DB82C4DE891008C92F4 /* ContentView.swift in Sources */ = {isa = PBXBuildFile; fileRef = 418C2DB72C4DE891008C92F4 /* ContentView.swift */; };
		418C2DBA2C4DE892008C92F4 /* Assets.xcassets in Resources */ = {isa = PBXBuildFile; fileRef = 418C2DB92C4DE892008C92F4 /* Assets.xcassets */; };
		418C2DBD2C4DE892008C92F4 /* Preview Assets.xcassets in Resources */ = {isa = PBXBuildFile; fileRef = 418C2DBC2C4DE892008C92F4 /* Preview Assets.xcassets */; };
		418C2DC42C4DEB44008C92F4 /* GoogleService-Info.plist in Resources */ = {isa = PBXBuildFile; fileRef = 418C2DC32C4DEB44008C92F4 /* GoogleService-Info.plist */; };
/* End PBXBuildFile section */

/* Begin PBXFileReference section */
		410590D82C4DF8AE000888FB /* Note.swift */ = {isa = PBXFileReference; lastKnownFileType = sourcecode.swift; path = Note.swift; sourceTree = "<group>"; };
		410590DA2C4DF8F7000888FB /* NoteViewModel.swift */ = {isa = PBXFileReference; lastKnownFileType = sourcecode.swift; path = NoteViewModel.swift; sourceTree = "<group>"; };
		410590DC2C4DFC0D000888FB /* FormView.swift */ = {isa = PBXFileReference; lastKnownFileType = sourcecode.swift; path = FormView.swift; sourceTree = "<group>"; };
		410590DE2C4E2182000888FB /* DetailsView.swift */ = {isa = PBXFileReference; lastKnownFileType = sourcecode.swift; path = DetailsView.swift; sourceTree = "<group>"; };
		418C2DB22C4DE891008C92F4 /* Note_App.app */ = {isa = PBXFileReference; explicitFileType = wrapper.application; includeInIndex = 0; path = Note_App.app; sourceTree = BUILT_PRODUCTS_DIR; };
		418C2DB52C4DE891008C92F4 /* Note_AppApp.swift */ = {isa = PBXFileReference; lastKnownFileType = sourcecode.swift; path = Note_AppApp.swift; sourceTree = "<group>"; };
		418C2DB72C4DE891008C92F4 /* ContentView.swift */ = {isa = PBXFileReference; lastKnownFileType = sourcecode.swift; path = ContentView.swift; sourceTree = "<group>"; };
		418C2DB92C4DE892008C92F4 /* Assets.xcassets */ = {isa = PBXFileReference; lastKnownFileType = folder.assetcatalog; path = Assets.xcassets; sourceTree = "<group>"; };
		418C2DBC2C4DE892008C92F4 /* Preview Assets.xcassets */ = {isa = PBXFileReference; lastKnownFileType = folder.assetcatalog; path = "Preview Assets.xcassets"; sourceTree = "<group>"; };
		418C2DC32C4DEB44008C92F4 /* GoogleService-Info.plist */ = {isa = PBXFileReference; fileEncoding = 4; lastKnownFileType = text.plist.xml; path = "GoogleService-Info.plist"; sourceTree = "<group>"; };
/* End PBXFileReference section */

/* Begin PBXFrameworksBuildPhase section */
		418C2DAF2C4DE891008C92F4 /* Frameworks */ = {
			isa = PBXFrameworksBuildPhase;
			buildActionMask = 2147483647;
			files = (
				410590D32C4DEDAF000888FB /* FirebaseAuth in Frameworks */,
				410590D52C4DEDAF000888FB /* FirebaseFirestore in Frameworks */,
				410590D72C4DEDAF000888FB /* FirebaseFirestoreSwift in Frameworks */,
			);
			runOnlyForDeploymentPostprocessing = 0;
		};
/* End PBXFrameworksBuildPhase section */

/* Begin PBXGroup section */
		418C2DA92C4DE891008C92F4 = {
			isa = PBXGroup;
			children = (
				418C2DB42C4DE891008C92F4 /* Note_App */,
				418C2DB32C4DE891008C92F4 /* Products */,
			);
			sourceTree = "<group>";
		};
		418C2DB32C4DE891008C92F4 /* Products */ = {
			isa = PBXGroup;
			children = (
				418C2DB22C4DE891008C92F4 /* Note_App.app */,
			);
			name = Products;
			sourceTree = "<group>";
		};
		418C2DB42C4DE891008C92F4 /* Note_App */ = {
			isa = PBXGroup;
			children = (
				418C2DC32C4DEB44008C92F4 /* GoogleService-Info.plist */,
				410590D82C4DF8AE000888FB /* Note.swift */,
				418C2DB52C4DE891008C92F4 /* Note_AppApp.swift */,
				410590DA2C4DF8F7000888FB /* NoteViewModel.swift */,
				418C2DB72C4DE891008C92F4 /* ContentView.swift */,
				410590DC2C4DFC0D000888FB /* FormView.swift */,
				418C2DB92C4DE892008C92F4 /* Assets.xcassets */,
				418C2DBB2C4DE892008C92F4 /* Preview Content */,
				410590DE2C4E2182000888FB /* DetailsView.swift */,
			);
			path = Note_App;
			sourceTree = "<group>";
		};
		418C2DBB2C4DE892008C92F4 /* Preview Content */ = {
			isa = PBXGroup;
			children = (
				418C2DBC2C4DE892008C92F4 /* Preview Assets.xcassets */,
			);
			path = "Preview Content";
			sourceTree = "<group>";
		};
/* End PBXGroup section */

/* Begin PBXNativeTarget section */
		418C2DB12C4DE891008C92F4 /* Note_App */ = {
			isa = PBXNativeTarget;
			buildConfigurationList = 418C2DC02C4DE892008C92F4 /* Build configuration list for PBXNativeTarget "Note_App" */;
			buildPhases = (
				418C2DAE2C4DE891008C92F4 /* Sources */,
				418C2DAF2C4DE891008C92F4 /* Frameworks */,
				418C2DB02C4DE891008C92F4 /* Resources */,
			);
			buildRules = (
			);
			dependencies = (
			);
			name = Note_App;
			packageProductDependencies = (
				410590D22C4DEDAF000888FB /* FirebaseAuth */,
				410590D42C4DEDAF000888FB /* FirebaseFirestore */,
				410590D62C4DEDAF000888FB /* FirebaseFirestoreSwift */,
			);
			productName = Note_App;
			productReference = 418C2DB22C4DE891008C92F4 /* Note_App.app */;
			productType = "com.apple.product-type.application";
		};
/* End PBXNativeTarget section */

/* Begin PBXProject section */
		418C2DAA2C4DE891008C92F4 /* Project object */ = {
			isa = PBXProject;
			attributes = {
				BuildIndependentTargetsInParallel = 1;
				LastSwiftUpdateCheck = 1540;
				LastUpgradeCheck = 1540;
				TargetAttributes = {
					418C2DB12C4DE891008C92F4 = {
						CreatedOnToolsVersion = 15.4;
					};
				};
			};
			buildConfigurationList = 418C2DAD2C4DE891008C92F4 /* Build configuration list for PBXProject "Note_App" */;
			compatibilityVersion = "Xcode 14.0";
			developmentRegion = en;
			hasScannedForEncodings = 0;
			knownRegions = (
				en,
				Base,
			);
			mainGroup = 418C2DA92C4DE891008C92F4;
			packageReferences = (
				418C2DC52C4DECF2008C92F4 /* XCRemoteSwiftPackageReference "firebase-ios-sdk" */,
			);
			productRefGroup = 418C2DB32C4DE891008C92F4 /* Products */;
			projectDirPath = "";
			projectRoot = "";
			targets = (
				418C2DB12C4DE891008C92F4 /* Note_App */,
			);
		};
/* End PBXProject section */

/* Begin PBXResourcesBuildPhase section */
		418C2DB02C4DE891008C92F4 /* Resources */ = {
			isa = PBXResourcesBuildPhase;
			buildActionMask = 2147483647;
			files = (
				418C2DBD2C4DE892008C92F4 /* Preview Assets.xcassets in Resources */,
				418C2DBA2C4DE892008C92F4 /* Assets.xcassets in Resources */,
				418C2DC42C4DEB44008C92F4 /* GoogleService-Info.plist in Resources */,
			);
			runOnlyForDeploymentPostprocessing = 0;
		};
/* End PBXResourcesBuildPhase section */

/* Begin PBXSourcesBuildPhase section */
		418C2DAE2C4DE891008C92F4 /* Sources */ = {
			isa = PBXSourcesBuildPhase;
			buildActionMask = 2147483647;
			files = (
				410590DB2C4DF8F7000888FB /* NoteViewModel.swift in Sources */,
				418C2DB82C4DE891008C92F4 /* ContentView.swift in Sources */,
				410590DD2C4DFC0D000888FB /* FormView.swift in Sources */,
				418C2DB62C4DE891008C92F4 /* Note_AppApp.swift in Sources */,
				410590D92C4DF8AE000888FB /* Note.swift in Sources */,
				410590DF2C4E2182000888FB /* DetailsView.swift in Sources */,
			);
			runOnlyForDeploymentPostprocessing = 0;
		};
/* End PBXSourcesBuildPhase section */

/* Begin XCBuildConfiguration section */
		418C2DBE2C4DE892008C92F4 /* Debug */ = {
			isa = XCBuildConfiguration;
			buildSettings = {
				ALWAYS_SEARCH_USER_PATHS = NO;
				ASSETCATALOG_COMPILER_GENERATE_SWIFT_ASSET_SYMBOL_EXTENSIONS = YES;
				CLANG_ANALYZER_NONNULL = YES;
				CLANG_ANALYZER_NUMBER_OBJECT_CONVERSION = YES_AGGRESSIVE;
				CLANG_CXX_LANGUAGE_STANDARD = "gnu++20";
				CLANG_ENABLE_MODULES = YES;
				CLANG_ENABLE_OBJC_ARC = YES;
				CLANG_ENABLE_OBJC_WEAK = YES;
				CLANG_WARN_BLOCK_CAPTURE_AUTORELEASING = YES;
				CLANG_WARN_BOOL_CONVERSION = YES;
				CLANG_WARN_COMMA = YES;
				CLANG_WARN_CONSTANT_CONVERSION = YES;
				CLANG_WARN_DEPRECATED_OBJC_IMPLEMENTATIONS = YES;
				CLANG_WARN_DIRECT_OBJC_ISA_USAGE = YES_ERROR;
				CLANG_WARN_DOCUMENTATION_COMMENTS = YES;
				CLANG_WARN_EMPTY_BODY = YES;
				CLANG_WARN_ENUM_CONVERSION = YES;
				CLANG_WARN_INFINITE_RECURSION = YES;
				CLANG_WARN_INT_CONVERSION = YES;
				CLANG_WARN_NON_LITERAL_NULL_CONVERSION = YES;
				CLANG_WARN_OBJC_IMPLICIT_RETAIN_SELF = YES;
				CLANG_WARN_OBJC_LITERAL_CONVERSION = YES;
				CLANG_WARN_OBJC_ROOT_CLASS = YES_ERROR;
				CLANG_WARN_QUOTED_INCLUDE_IN_FRAMEWORK_HEADER = YES;
				CLANG_WARN_RANGE_LOOP_ANALYSIS = YES;
				CLANG_WARN_STRICT_PROTOTYPES = YES;
				CLANG_WARN_SUSPICIOUS_MOVE = YES;
				CLANG_WARN_UNGUARDED_AVAILABILITY = YES_AGGRESSIVE;
				CLANG_WARN_UNREACHABLE_CODE = YES;
				CLANG_WARN__DUPLICATE_METHOD_MATCH = YES;
				COPY_PHASE_STRIP = NO;
				DEBUG_INFORMATION_FORMAT = dwarf;
				ENABLE_STRICT_OBJC_MSGSEND = YES;
				ENABLE_TESTABILITY = YES;
				ENABLE_USER_SCRIPT_SANDBOXING = YES;
				GCC_C_LANGUAGE_STANDARD = gnu17;
				GCC_DYNAMIC_NO_PIC = NO;
				GCC_NO_COMMON_BLOCKS = YES;
				GCC_OPTIMIZATION_LEVEL = 0;
				GCC_PREPROCESSOR_DEFINITIONS = (
					"DEBUG=1",
					"$(inherited)",
				);
				GCC_WARN_64_TO_32_BIT_CONVERSION = YES;
				GCC_WARN_ABOUT_RETURN_TYPE = YES_ERROR;
				GCC_WARN_UNDECLARED_SELECTOR = YES;
				GCC_WARN_UNINITIALIZED_AUTOS = YES_AGGRESSIVE;
				GCC_WARN_UNUSED_FUNCTION = YES;
				GCC_WARN_UNUSED_VARIABLE = YES;
				IPHONEOS_DEPLOYMENT_TARGET = 17.5;
				LOCALIZATION_PREFERS_STRING_CATALOGS = YES;
				MTL_ENABLE_DEBUG_INFO = INCLUDE_SOURCE;
				MTL_FAST_MATH = YES;
				ONLY_ACTIVE_ARCH = YES;
				SDKROOT = iphoneos;
				SWIFT_ACTIVE_COMPILATION_CONDITIONS = "DEBUG $(inherited)";
				SWIFT_OPTIMIZATION_LEVEL = "-Onone";
			};
			name = Debug;
		};
		418C2DBF2C4DE892008C92F4 /* Release */ = {
			isa = XCBuildConfiguration;
			buildSettings = {
				ALWAYS_SEARCH_USER_PATHS = NO;
				ASSETCATALOG_COMPILER_GENERATE_SWIFT_ASSET_SYMBOL_EXTENSIONS = YES;
				CLANG_ANALYZER_NONNULL = YES;
				CLANG_ANALYZER_NUMBER_OBJECT_CONVERSION = YES_AGGRESSIVE;
				CLANG_CXX_LANGUAGE_STANDARD = "gnu++20";
				CLANG_ENABLE_MODULES = YES;
				CLANG_ENABLE_OBJC_ARC = YES;
				CLANG_ENABLE_OBJC_WEAK = YES;
				CLANG_WARN_BLOCK_CAPTURE_AUTORELEASING = YES;
				CLANG_WARN_BOOL_CONVERSION = YES;
				CLANG_WARN_COMMA = YES;
				CLANG_WARN_CONSTANT_CONVERSION = YES;
				CLANG_WARN_DEPRECATED_OBJC_IMPLEMENTATIONS = YES;
				CLANG_WARN_DIRECT_OBJC_ISA_USAGE = YES_ERROR;
				CLANG_WARN_DOCUMENTATION_COMMENTS = YES;
				CLANG_WARN_EMPTY_BODY = YES;
				CLANG_WARN_ENUM_CONVERSION = YES;
				CLANG_WARN_INFINITE_RECURSION = YES;
				CLANG_WARN_INT_CONVERSION = YES;
				CLANG_WARN_NON_LITERAL_NULL_CONVERSION = YES;
				CLANG_WARN_OBJC_IMPLICIT_RETAIN_SELF = YES;
				CLANG_WARN_OBJC_LITERAL_CONVERSION = YES;
				CLANG_WARN_OBJC_ROOT_CLASS = YES_ERROR;
				CLANG_WARN_QUOTED_INCLUDE_IN_FRAMEWORK_HEADER = YES;
				CLANG_WARN_RANGE_LOOP_ANALYSIS = YES;
				CLANG_WARN_STRICT_PROTOTYPES = YES;
				CLANG_WARN_SUSPICIOUS_MOVE = YES;
				CLANG_WARN_UNGUARDED_AVAILABILITY = YES_AGGRESSIVE;
				CLANG_WARN_UNREACHABLE_CODE = YES;
				CLANG_WARN__DUPLICATE_METHOD_MATCH = YES;
				COPY_PHASE_STRIP = NO;
				DEBUG_INFORMATION_FORMAT = "dwarf-with-dsym";
				ENABLE_NS_ASSERTIONS = NO;
				ENABLE_STRICT_OBJC_MSGSEND = YES;
				ENABLE_USER_SCRIPT_SANDBOXING = YES;
				GCC_C_LANGUAGE_STANDARD = gnu17;
				GCC_NO_COMMON_BLOCKS = YES;
				GCC_WARN_64_TO_32_BIT_CONVERSION = YES;
				GCC_WARN_ABOUT_RETURN_TYPE = YES_ERROR;
				GCC_WARN_UNDECLARED_SELECTOR = YES;
				GCC_WARN_UNINITIALIZED_AUTOS = YES_AGGRESSIVE;
				GCC_WARN_UNUSED_FUNCTION = YES;
				GCC_WARN_UNUSED_VARIABLE = YES;
				IPHONEOS_DEPLOYMENT_TARGET = 17.5;
				LOCALIZATION_PREFERS_STRING_CATALOGS = YES;
				MTL_ENABLE_DEBUG_INFO = NO;
				MTL_FAST_MATH = YES;
				SDKROOT = iphoneos;
				SWIFT_COMPILATION_MODE = wholemodule;
				VALIDATE_PRODUCT = YES;
			};
			name = Release;
		};
		418C2DC12C4DE892008C92F4 /* Debug */ = {
			isa = XCBuildConfiguration;
			buildSettings = {
				ASSETCATALOG_COMPILER_APPICON_NAME = AppIcon;
				ASSETCATALOG_COMPILER_GLOBAL_ACCENT_COLOR_NAME = AccentColor;
				CODE_SIGN_STYLE = Automatic;
				CURRENT_PROJECT_VERSION = 1;
				DEVELOPMENT_ASSET_PATHS = "\"Note_App/Preview Content\"";
				DEVELOPMENT_TEAM = 9UU59NTC96;
				ENABLE_PREVIEWS = YES;
				GENERATE_INFOPLIST_FILE = YES;
				INFOPLIST_KEY_UIApplicationSceneManifest_Generation = YES;
				INFOPLIST_KEY_UIApplicationSupportsIndirectInputEvents = YES;
				INFOPLIST_KEY_UILaunchScreen_Generation = YES;
				INFOPLIST_KEY_UISupportedInterfaceOrientations_iPad = "UIInterfaceOrientationPortrait UIInterfaceOrientationPortraitUpsideDown UIInterfaceOrientationLandscapeLeft UIInterfaceOrientationLandscapeRight";
				INFOPLIST_KEY_UISupportedInterfaceOrientations_iPhone = "UIInterfaceOrientationPortrait UIInterfaceOrientationLandscapeLeft UIInterfaceOrientationLandscapeRight";
				LD_RUNPATH_SEARCH_PATHS = (
					"$(inherited)",
					"@executable_path/Frameworks",
				);
				MARKETING_VERSION = 1.0;
				PRODUCT_BUNDLE_IDENTIFIER = "com.iOSDevRuel.Note-App";
				PRODUCT_NAME = "$(TARGET_NAME)";
				SWIFT_EMIT_LOC_STRINGS = YES;
				SWIFT_VERSION = 5.0;
				TARGETED_DEVICE_FAMILY = "1,2";
			};
			name = Debug;
		};
		418C2DC22C4DE892008C92F4 /* Release */ = {
			isa = XCBuildConfiguration;
			buildSettings = {
				ASSETCATALOG_COMPILER_APPICON_NAME = AppIcon;
				ASSETCATALOG_COMPILER_GLOBAL_ACCENT_COLOR_NAME = AccentColor;
				CODE_SIGN_STYLE = Automatic;
				CURRENT_PROJECT_VERSION = 1;
				DEVELOPMENT_ASSET_PATHS = "\"Note_App/Preview Content\"";
				DEVELOPMENT_TEAM = 9UU59NTC96;
				ENABLE_PREVIEWS = YES;
				GENERATE_INFOPLIST_FILE = YES;
				INFOPLIST_KEY_UIApplicationSceneManifest_Generation = YES;
				INFOPLIST_KEY_UIApplicationSupportsIndirectInputEvents = YES;
				INFOPLIST_KEY_UILaunchScreen_Generation = YES;
				INFOPLIST_KEY_UISupportedInterfaceOrientations_iPad = "UIInterfaceOrientationPortrait UIInterfaceOrientationPortraitUpsideDown UIInterfaceOrientationLandscapeLeft UIInterfaceOrientationLandscapeRight";
				INFOPLIST_KEY_UISupportedInterfaceOrientations_iPhone = "UIInterfaceOrientationPortrait UIInterfaceOrientationLandscapeLeft UIInterfaceOrientationLandscapeRight";
				LD_RUNPATH_SEARCH_PATHS = (
					"$(inherited)",
					"@executable_path/Frameworks",
				);
				MARKETING_VERSION = 1.0;
				PRODUCT_BUNDLE_IDENTIFIER = "com.iOSDevRuel.Note-App";
				PRODUCT_NAME = "$(TARGET_NAME)";
				SWIFT_EMIT_LOC_STRINGS = YES;
				SWIFT_VERSION = 5.0;
				TARGETED_DEVICE_FAMILY = "1,2";
			};
			name = Release;
		};
/* End XCBuildConfiguration section */

/* Begin XCConfigurationList section */
		418C2DAD2C4DE891008C92F4 /* Build configuration list for PBXProject "Note_App" */ = {
			isa = XCConfigurationList;
			buildConfigurations = (
				418C2DBE2C4DE892008C92F4 /* Debug */,
				418C2DBF2C4DE892008C92F4 /* Release */,
			);
			defaultConfigurationIsVisible = 0;
			defaultConfigurationName = Release;
		};
		418C2DC02C4DE892008C92F4 /* Build configuration list for PBXNativeTarget "Note_App" */ = {
			isa = XCConfigurationList;
			buildConfigurations = (
				418C2DC12C4DE892008C92F4 /* Debug */,
				418C2DC22C4DE892008C92F4 /* Release */,
			);
			defaultConfigurationIsVisible = 0;
			defaultConfigurationName = Release;
		};
/* End XCConfigurationList section */

/* Begin XCRemoteSwiftPackageReference section */
		418C2DC52C4DECF2008C92F4 /* XCRemoteSwiftPackageReference "firebase-ios-sdk" */ = {
			isa = XCRemoteSwiftPackageReference;
			repositoryURL = "https://github.com/firebase/firebase-ios-sdk.git";
			requirement = {
				kind = upToNextMajorVersion;
				minimumVersion = 10.29.0;
			};
		};
/* End XCRemoteSwiftPackageReference section */

/* Begin XCSwiftPackageProductDependency section */
		410590D22C4DEDAF000888FB /* FirebaseAuth */ = {
			isa = XCSwiftPackageProductDependency;
			package = 418C2DC52C4DECF2008C92F4 /* XCRemoteSwiftPackageReference "firebase-ios-sdk" */;
			productName = FirebaseAuth;
		};
		410590D42C4DEDAF000888FB /* FirebaseFirestore */ = {
			isa = XCSwiftPackageProductDependency;
			package = 418C2DC52C4DECF2008C92F4 /* XCRemoteSwiftPackageReference "firebase-ios-sdk" */;
			productName = FirebaseFirestore;
		};
		410590D62C4DEDAF000888FB /* FirebaseFirestoreSwift */ = {
			isa = XCSwiftPackageProductDependency;
			package = 418C2DC52C4DECF2008C92F4 /* XCRemoteSwiftPackageReference "firebase-ios-sdk" */;
			productName = FirebaseFirestoreSwift;
		};
/* End XCSwiftPackageProductDependency section */
	};
	rootObject = 418C2DAA2C4DE891008C92F4 /* Project object */;
}
