// !$*UTF8*$!
{
	archiveVersion = 1;
	classes = {
	};
	objectVersion = 56;
	objects = {

/* Begin PBXBuildFile section */
		414F4BD62BB9192400551975 /* SwiftUI_DiarySampleApp.swift in Sources */ = {isa = PBXBuildFile; fileRef = 414F4BD52BB9192400551975 /* SwiftUI_DiarySampleApp.swift */; };
		414F4BDA2BB9192500551975 /* Assets.xcassets in Resources */ = {isa = PBXBuildFile; fileRef = 414F4BD92BB9192500551975 /* Assets.xcassets */; };
		414F4BDD2BB9192500551975 /* Preview Assets.xcassets in Resources */ = {isa = PBXBuildFile; fileRef = 414F4BDC2BB9192500551975 /* Preview Assets.xcassets */; };
		414F4BF12BB9193B00551975 /* DiaryDetailsView.swift in Sources */ = {isa = PBXBuildFile; fileRef = 414F4BE32BB9193B00551975 /* DiaryDetailsView.swift */; };
		414F4BF22BB9193B00551975 /* Mood.swift in Sources */ = {isa = PBXBuildFile; fileRef = 414F4BE52BB9193B00551975 /* Mood.swift */; };
		414F4BF32BB9193B00551975 /* MoodDiary.swift in Sources */ = {isa = PBXBuildFile; fileRef = 414F4BE62BB9193B00551975 /* MoodDiary.swift */; };
		414F4BF42BB9193B00551975 /* DiaryListView.swift in Sources */ = {isa = PBXBuildFile; fileRef = 414F4BE82BB9193B00551975 /* DiaryListView.swift */; };
		414F4BF52BB9193B00551975 /* MoodDiaryStorage.swift in Sources */ = {isa = PBXBuildFile; fileRef = 414F4BEA2BB9193B00551975 /* MoodDiaryStorage.swift */; };
		414F4BF62BB9193B00551975 /* Storage.swift in Sources */ = {isa = PBXBuildFile; fileRef = 414F4BEB2BB9193B00551975 /* Storage.swift */; };
		414F4BF72BB9193B00551975 /* DiaryDateInputView.swift in Sources */ = {isa = PBXBuildFile; fileRef = 414F4BED2BB9193B00551975 /* DiaryDateInputView.swift */; };
		414F4BF82BB9193B00551975 /* DiaryMoodInputView.swift in Sources */ = {isa = PBXBuildFile; fileRef = 414F4BEE2BB9193B00551975 /* DiaryMoodInputView.swift */; };
		414F4BF92BB9193B00551975 /* DiaryTextInputView.swift in Sources */ = {isa = PBXBuildFile; fileRef = 414F4BEF2BB9193B00551975 /* DiaryTextInputView.swift */; };
		4197C3582BB919990020B651 /* MoodDiaryCell.swift in Sources */ = {isa = PBXBuildFile; fileRef = 4197C3572BB919990020B651 /* MoodDiaryCell.swift */; };
		4197C35A2BB91A610020B651 /* DiaryListViewModel.swift in Sources */ = {isa = PBXBuildFile; fileRef = 4197C3592BB91A610020B651 /* DiaryListViewModel.swift */; };
		4197C35C2BB94CD60020B651 /* DiaryViewModel.swift in Sources */ = {isa = PBXBuildFile; fileRef = 4197C35B2BB94CD60020B651 /* DiaryViewModel.swift */; };
		4197C35E2BB959BE0020B651 /* DiaryDetailsViewModel.swift in Sources */ = {isa = PBXBuildFile; fileRef = 4197C35D2BB959BE0020B651 /* DiaryDetailsViewModel.swift */; };
/* End PBXBuildFile section */

/* Begin PBXFileReference section */
		414F4BD22BB9192400551975 /* SwiftUI_DiarySample.app */ = {isa = PBXFileReference; explicitFileType = wrapper.application; includeInIndex = 0; path = SwiftUI_DiarySample.app; sourceTree = BUILT_PRODUCTS_DIR; };
		414F4BD52BB9192400551975 /* SwiftUI_DiarySampleApp.swift */ = {isa = PBXFileReference; lastKnownFileType = sourcecode.swift; path = SwiftUI_DiarySampleApp.swift; sourceTree = "<group>"; };
		414F4BD92BB9192500551975 /* Assets.xcassets */ = {isa = PBXFileReference; lastKnownFileType = folder.assetcatalog; path = Assets.xcassets; sourceTree = "<group>"; };
		414F4BDC2BB9192500551975 /* Preview Assets.xcassets */ = {isa = PBXFileReference; lastKnownFileType = folder.assetcatalog; path = "Preview Assets.xcassets"; sourceTree = "<group>"; };
		414F4BE32BB9193B00551975 /* DiaryDetailsView.swift */ = {isa = PBXFileReference; fileEncoding = 4; lastKnownFileType = sourcecode.swift; path = DiaryDetailsView.swift; sourceTree = "<group>"; };
		414F4BE52BB9193B00551975 /* Mood.swift */ = {isa = PBXFileReference; fileEncoding = 4; lastKnownFileType = sourcecode.swift; path = Mood.swift; sourceTree = "<group>"; };
		414F4BE62BB9193B00551975 /* MoodDiary.swift */ = {isa = PBXFileReference; fileEncoding = 4; lastKnownFileType = sourcecode.swift; path = MoodDiary.swift; sourceTree = "<group>"; };
		414F4BE82BB9193B00551975 /* DiaryListView.swift */ = {isa = PBXFileReference; fileEncoding = 4; lastKnownFileType = sourcecode.swift; path = DiaryListView.swift; sourceTree = "<group>"; };
		414F4BEA2BB9193B00551975 /* MoodDiaryStorage.swift */ = {isa = PBXFileReference; fileEncoding = 4; lastKnownFileType = sourcecode.swift; path = MoodDiaryStorage.swift; sourceTree = "<group>"; };
		414F4BEB2BB9193B00551975 /* Storage.swift */ = {isa = PBXFileReference; fileEncoding = 4; lastKnownFileType = sourcecode.swift; path = Storage.swift; sourceTree = "<group>"; };
		414F4BED2BB9193B00551975 /* DiaryDateInputView.swift */ = {isa = PBXFileReference; fileEncoding = 4; lastKnownFileType = sourcecode.swift; path = DiaryDateInputView.swift; sourceTree = "<group>"; };
		414F4BEE2BB9193B00551975 /* DiaryMoodInputView.swift */ = {isa = PBXFileReference; fileEncoding = 4; lastKnownFileType = sourcecode.swift; path = DiaryMoodInputView.swift; sourceTree = "<group>"; };
		414F4BEF2BB9193B00551975 /* DiaryTextInputView.swift */ = {isa = PBXFileReference; fileEncoding = 4; lastKnownFileType = sourcecode.swift; path = DiaryTextInputView.swift; sourceTree = "<group>"; };
		4197C3572BB919990020B651 /* MoodDiaryCell.swift */ = {isa = PBXFileReference; lastKnownFileType = sourcecode.swift; path = MoodDiaryCell.swift; sourceTree = "<group>"; };
		4197C3592BB91A610020B651 /* DiaryListViewModel.swift */ = {isa = PBXFileReference; lastKnownFileType = sourcecode.swift; path = DiaryListViewModel.swift; sourceTree = "<group>"; };
		4197C35B2BB94CD60020B651 /* DiaryViewModel.swift */ = {isa = PBXFileReference; lastKnownFileType = sourcecode.swift; path = DiaryViewModel.swift; sourceTree = "<group>"; };
		4197C35D2BB959BE0020B651 /* DiaryDetailsViewModel.swift */ = {isa = PBXFileReference; lastKnownFileType = sourcecode.swift; path = DiaryDetailsViewModel.swift; sourceTree = "<group>"; };
/* End PBXFileReference section */

/* Begin PBXFrameworksBuildPhase section */
		414F4BCF2BB9192400551975 /* Frameworks */ = {
			isa = PBXFrameworksBuildPhase;
			buildActionMask = 2147483647;
			files = (
			);
			runOnlyForDeploymentPostprocessing = 0;
		};
/* End PBXFrameworksBuildPhase section */

/* Begin PBXGroup section */
		414F4BC92BB9192400551975 = {
			isa = PBXGroup;
			children = (
				414F4BD42BB9192400551975 /* SwiftUI_DiarySample */,
				414F4BD32BB9192400551975 /* Products */,
			);
			sourceTree = "<group>";
		};
		414F4BD32BB9192400551975 /* Products */ = {
			isa = PBXGroup;
			children = (
				414F4BD22BB9192400551975 /* SwiftUI_DiarySample.app */,
			);
			name = Products;
			sourceTree = "<group>";
		};
		414F4BD42BB9192400551975 /* SwiftUI_DiarySample */ = {
			isa = PBXGroup;
			children = (
				414F4BF02BB9193B00551975 /* DiaryCreation */,
				414F4BE42BB9193B00551975 /* DiaryDetails */,
				414F4BE92BB9193B00551975 /* DiaryList */,
				414F4BE72BB9193B00551975 /* Model */,
				414F4BEC2BB9193B00551975 /* Storage */,
				414F4BD52BB9192400551975 /* SwiftUI_DiarySampleApp.swift */,
				414F4BD92BB9192500551975 /* Assets.xcassets */,
				414F4BDB2BB9192500551975 /* Preview Content */,
			);
			path = SwiftUI_DiarySample;
			sourceTree = "<group>";
		};
		414F4BDB2BB9192500551975 /* Preview Content */ = {
			isa = PBXGroup;
			children = (
				414F4BDC2BB9192500551975 /* Preview Assets.xcassets */,
			);
			path = "Preview Content";
			sourceTree = "<group>";
		};
		414F4BE42BB9193B00551975 /* DiaryDetails */ = {
			isa = PBXGroup;
			children = (
				4197C35D2BB959BE0020B651 /* DiaryDetailsViewModel.swift */,
				414F4BE32BB9193B00551975 /* DiaryDetailsView.swift */,
			);
			path = DiaryDetails;
			sourceTree = "<group>";
		};
		414F4BE72BB9193B00551975 /* Model */ = {
			isa = PBXGroup;
			children = (
				414F4BE52BB9193B00551975 /* Mood.swift */,
				414F4BE62BB9193B00551975 /* MoodDiary.swift */,
			);
			path = Model;
			sourceTree = "<group>";
		};
		414F4BE92BB9193B00551975 /* DiaryList */ = {
			isa = PBXGroup;
			children = (
				4197C3592BB91A610020B651 /* DiaryListViewModel.swift */,
				414F4BE82BB9193B00551975 /* DiaryListView.swift */,
				4197C3572BB919990020B651 /* MoodDiaryCell.swift */,
			);
			path = DiaryList;
			sourceTree = "<group>";
		};
		414F4BEC2BB9193B00551975 /* Storage */ = {
			isa = PBXGroup;
			children = (
				414F4BEA2BB9193B00551975 /* MoodDiaryStorage.swift */,
				414F4BEB2BB9193B00551975 /* Storage.swift */,
			);
			path = Storage;
			sourceTree = "<group>";
		};
		414F4BF02BB9193B00551975 /* DiaryCreation */ = {
			isa = PBXGroup;
			children = (
				4197C35B2BB94CD60020B651 /* DiaryViewModel.swift */,
				414F4BED2BB9193B00551975 /* DiaryDateInputView.swift */,
				414F4BEE2BB9193B00551975 /* DiaryMoodInputView.swift */,
				414F4BEF2BB9193B00551975 /* DiaryTextInputView.swift */,
			);
			path = DiaryCreation;
			sourceTree = "<group>";
		};
/* End PBXGroup section */

/* Begin PBXNativeTarget section */
		414F4BD12BB9192400551975 /* SwiftUI_DiarySample */ = {
			isa = PBXNativeTarget;
			buildConfigurationList = 414F4BE02BB9192500551975 /* Build configuration list for PBXNativeTarget "SwiftUI_DiarySample" */;
			buildPhases = (
				414F4BCE2BB9192400551975 /* Sources */,
				414F4BCF2BB9192400551975 /* Frameworks */,
				414F4BD02BB9192400551975 /* Resources */,
			);
			buildRules = (
			);
			dependencies = (
			);
			name = SwiftUI_DiarySample;
			productName = SwiftUI_DiarySample;
			productReference = 414F4BD22BB9192400551975 /* SwiftUI_DiarySample.app */;
			productType = "com.apple.product-type.application";
		};
/* End PBXNativeTarget section */

/* Begin PBXProject section */
		414F4BCA2BB9192400551975 /* Project object */ = {
			isa = PBXProject;
			attributes = {
				BuildIndependentTargetsInParallel = 1;
				LastSwiftUpdateCheck = 1530;
				LastUpgradeCheck = 1530;
				TargetAttributes = {
					414F4BD12BB9192400551975 = {
						CreatedOnToolsVersion = 15.3;
					};
				};
			};
			buildConfigurationList = 414F4BCD2BB9192400551975 /* Build configuration list for PBXProject "SwiftUI_DiarySample" */;
			compatibilityVersion = "Xcode 14.0";
			developmentRegion = en;
			hasScannedForEncodings = 0;
			knownRegions = (
				en,
				Base,
			);
			mainGroup = 414F4BC92BB9192400551975;
			productRefGroup = 414F4BD32BB9192400551975 /* Products */;
			projectDirPath = "";
			projectRoot = "";
			targets = (
				414F4BD12BB9192400551975 /* SwiftUI_DiarySample */,
			);
		};
/* End PBXProject section */

/* Begin PBXResourcesBuildPhase section */
		414F4BD02BB9192400551975 /* Resources */ = {
			isa = PBXResourcesBuildPhase;
			buildActionMask = 2147483647;
			files = (
				414F4BDD2BB9192500551975 /* Preview Assets.xcassets in Resources */,
				414F4BDA2BB9192500551975 /* Assets.xcassets in Resources */,
			);
			runOnlyForDeploymentPostprocessing = 0;
		};
/* End PBXResourcesBuildPhase section */

/* Begin PBXSourcesBuildPhase section */
		414F4BCE2BB9192400551975 /* Sources */ = {
			isa = PBXSourcesBuildPhase;
			buildActionMask = 2147483647;
			files = (
				414F4BF92BB9193B00551975 /* DiaryTextInputView.swift in Sources */,
				414F4BF22BB9193B00551975 /* Mood.swift in Sources */,
				4197C3582BB919990020B651 /* MoodDiaryCell.swift in Sources */,
				414F4BF12BB9193B00551975 /* DiaryDetailsView.swift in Sources */,
				414F4BF32BB9193B00551975 /* MoodDiary.swift in Sources */,
				414F4BF42BB9193B00551975 /* DiaryListView.swift in Sources */,
				4197C35A2BB91A610020B651 /* DiaryListViewModel.swift in Sources */,
				4197C35E2BB959BE0020B651 /* DiaryDetailsViewModel.swift in Sources */,
				414F4BF62BB9193B00551975 /* Storage.swift in Sources */,
				414F4BF82BB9193B00551975 /* DiaryMoodInputView.swift in Sources */,
				414F4BD62BB9192400551975 /* SwiftUI_DiarySampleApp.swift in Sources */,
				4197C35C2BB94CD60020B651 /* DiaryViewModel.swift in Sources */,
				414F4BF52BB9193B00551975 /* MoodDiaryStorage.swift in Sources */,
				414F4BF72BB9193B00551975 /* DiaryDateInputView.swift in Sources */,
			);
			runOnlyForDeploymentPostprocessing = 0;
		};
/* End PBXSourcesBuildPhase section */

/* Begin XCBuildConfiguration section */
		414F4BDE2BB9192500551975 /* Debug */ = {
			isa = XCBuildConfiguration;
			buildSettings = {
				ALWAYS_SEARCH_USER_PATHS = NO;
				ASSETCATALOG_COMPILER_GENERATE_SWIFT_ASSET_SYMBOL_EXTENSIONS = YES;
				CLANG_ANALYZER_NONNULL = YES;
				CLANG_ANALYZER_NUMBER_OBJECT_CONVERSION = YES_AGGRESSIVE;
				CLANG_CXX_LANGUAGE_STANDARD = "gnu++20";
				CLANG_ENABLE_MODULES = YES;
				CLANG_ENABLE_OBJC_ARC = YES;
				CLANG_ENABLE_OBJC_WEAK = YES;
				CLANG_WARN_BLOCK_CAPTURE_AUTORELEASING = YES;
				CLANG_WARN_BOOL_CONVERSION = YES;
				CLANG_WARN_COMMA = YES;
				CLANG_WARN_CONSTANT_CONVERSION = YES;
				CLANG_WARN_DEPRECATED_OBJC_IMPLEMENTATIONS = YES;
				CLANG_WARN_DIRECT_OBJC_ISA_USAGE = YES_ERROR;
				CLANG_WARN_DOCUMENTATION_COMMENTS = YES;
				CLANG_WARN_EMPTY_BODY = YES;
				CLANG_WARN_ENUM_CONVERSION = YES;
				CLANG_WARN_INFINITE_RECURSION = YES;
				CLANG_WARN_INT_CONVERSION = YES;
				CLANG_WARN_NON_LITERAL_NULL_CONVERSION = YES;
				CLANG_WARN_OBJC_IMPLICIT_RETAIN_SELF = YES;
				CLANG_WARN_OBJC_LITERAL_CONVERSION = YES;
				CLANG_WARN_OBJC_ROOT_CLASS = YES_ERROR;
				CLANG_WARN_QUOTED_INCLUDE_IN_FRAMEWORK_HEADER = YES;
				CLANG_WARN_RANGE_LOOP_ANALYSIS = YES;
				CLANG_WARN_STRICT_PROTOTYPES = YES;
				CLANG_WARN_SUSPICIOUS_MOVE = YES;
				CLANG_WARN_UNGUARDED_AVAILABILITY = YES_AGGRESSIVE;
				CLANG_WARN_UNREACHABLE_CODE = YES;
				CLANG_WARN__DUPLICATE_METHOD_MATCH = YES;
				COPY_PHASE_STRIP = NO;
				DEBUG_INFORMATION_FORMAT = dwarf;
				ENABLE_STRICT_OBJC_MSGSEND = YES;
				ENABLE_TESTABILITY = YES;
				ENABLE_USER_SCRIPT_SANDBOXING = YES;
				GCC_C_LANGUAGE_STANDARD = gnu17;
				GCC_DYNAMIC_NO_PIC = NO;
				GCC_NO_COMMON_BLOCKS = YES;
				GCC_OPTIMIZATION_LEVEL = 0;
				GCC_PREPROCESSOR_DEFINITIONS = (
					"DEBUG=1",
					"$(inherited)",
				);
				GCC_WARN_64_TO_32_BIT_CONVERSION = YES;
				GCC_WARN_ABOUT_RETURN_TYPE = YES_ERROR;
				GCC_WARN_UNDECLARED_SELECTOR = YES;
				GCC_WARN_UNINITIALIZED_AUTOS = YES_AGGRESSIVE;
				GCC_WARN_UNUSED_FUNCTION = YES;
				GCC_WARN_UNUSED_VARIABLE = YES;
				IPHONEOS_DEPLOYMENT_TARGET = 17.4;
				LOCALIZATION_PREFERS_STRING_CATALOGS = YES;
				MTL_ENABLE_DEBUG_INFO = INCLUDE_SOURCE;
				MTL_FAST_MATH = YES;
				ONLY_ACTIVE_ARCH = YES;
				SDKROOT = iphoneos;
				SWIFT_ACTIVE_COMPILATION_CONDITIONS = "DEBUG $(inherited)";
				SWIFT_OPTIMIZATION_LEVEL = "-Onone";
			};
			name = Debug;
		};
		414F4BDF2BB9192500551975 /* Release */ = {
			isa = XCBuildConfiguration;
			buildSettings = {
				ALWAYS_SEARCH_USER_PATHS = NO;
				ASSETCATALOG_COMPILER_GENERATE_SWIFT_ASSET_SYMBOL_EXTENSIONS = YES;
				CLANG_ANALYZER_NONNULL = YES;
				CLANG_ANALYZER_NUMBER_OBJECT_CONVERSION = YES_AGGRESSIVE;
				CLANG_CXX_LANGUAGE_STANDARD = "gnu++20";
				CLANG_ENABLE_MODULES = YES;
				CLANG_ENABLE_OBJC_ARC = YES;
				CLANG_ENABLE_OBJC_WEAK = YES;
				CLANG_WARN_BLOCK_CAPTURE_AUTORELEASING = YES;
				CLANG_WARN_BOOL_CONVERSION = YES;
				CLANG_WARN_COMMA = YES;
				CLANG_WARN_CONSTANT_CONVERSION = YES;
				CLANG_WARN_DEPRECATED_OBJC_IMPLEMENTATIONS = YES;
				CLANG_WARN_DIRECT_OBJC_ISA_USAGE = YES_ERROR;
				CLANG_WARN_DOCUMENTATION_COMMENTS = YES;
				CLANG_WARN_EMPTY_BODY = YES;
				CLANG_WARN_ENUM_CONVERSION = YES;
				CLANG_WARN_INFINITE_RECURSION = YES;
				CLANG_WARN_INT_CONVERSION = YES;
				CLANG_WARN_NON_LITERAL_NULL_CONVERSION = YES;
				CLANG_WARN_OBJC_IMPLICIT_RETAIN_SELF = YES;
				CLANG_WARN_OBJC_LITERAL_CONVERSION = YES;
				CLANG_WARN_OBJC_ROOT_CLASS = YES_ERROR;
				CLANG_WARN_QUOTED_INCLUDE_IN_FRAMEWORK_HEADER = YES;
				CLANG_WARN_RANGE_LOOP_ANALYSIS = YES;
				CLANG_WARN_STRICT_PROTOTYPES = YES;
				CLANG_WARN_SUSPICIOUS_MOVE = YES;
				CLANG_WARN_UNGUARDED_AVAILABILITY = YES_AGGRESSIVE;
				CLANG_WARN_UNREACHABLE_CODE = YES;
				CLANG_WARN__DUPLICATE_METHOD_MATCH = YES;
				COPY_PHASE_STRIP = NO;
				DEBUG_INFORMATION_FORMAT = "dwarf-with-dsym";
				ENABLE_NS_ASSERTIONS = NO;
				ENABLE_STRICT_OBJC_MSGSEND = YES;
				ENABLE_USER_SCRIPT_SANDBOXING = YES;
				GCC_C_LANGUAGE_STANDARD = gnu17;
				GCC_NO_COMMON_BLOCKS = YES;
				GCC_WARN_64_TO_32_BIT_CONVERSION = YES;
				GCC_WARN_ABOUT_RETURN_TYPE = YES_ERROR;
				GCC_WARN_UNDECLARED_SELECTOR = YES;
				GCC_WARN_UNINITIALIZED_AUTOS = YES_AGGRESSIVE;
				GCC_WARN_UNUSED_FUNCTION = YES;
				GCC_WARN_UNUSED_VARIABLE = YES;
				IPHONEOS_DEPLOYMENT_TARGET = 17.4;
				LOCALIZATION_PREFERS_STRING_CATALOGS = YES;
				MTL_ENABLE_DEBUG_INFO = NO;
				MTL_FAST_MATH = YES;
				SDKROOT = iphoneos;
				SWIFT_COMPILATION_MODE = wholemodule;
				VALIDATE_PRODUCT = YES;
			};
			name = Release;
		};
		414F4BE12BB9192500551975 /* Debug */ = {
			isa = XCBuildConfiguration;
			buildSettings = {
				ASSETCATALOG_COMPILER_APPICON_NAME = AppIcon;
				ASSETCATALOG_COMPILER_GLOBAL_ACCENT_COLOR_NAME = AccentColor;
				CODE_SIGN_STYLE = Automatic;
				CURRENT_PROJECT_VERSION = 1;
				DEVELOPMENT_ASSET_PATHS = "\"SwiftUI_DiarySample/Preview Content\"";
				DEVELOPMENT_TEAM = 9UU59NTC96;
				ENABLE_PREVIEWS = YES;
				GENERATE_INFOPLIST_FILE = YES;
				INFOPLIST_KEY_UIApplicationSceneManifest_Generation = YES;
				INFOPLIST_KEY_UIApplicationSupportsIndirectInputEvents = YES;
				INFOPLIST_KEY_UILaunchScreen_Generation = YES;
				INFOPLIST_KEY_UISupportedInterfaceOrientations_iPad = "UIInterfaceOrientationPortrait UIInterfaceOrientationPortraitUpsideDown UIInterfaceOrientationLandscapeLeft UIInterfaceOrientationLandscapeRight";
				INFOPLIST_KEY_UISupportedInterfaceOrientations_iPhone = "UIInterfaceOrientationPortrait UIInterfaceOrientationLandscapeLeft UIInterfaceOrientationLandscapeRight";
				LD_RUNPATH_SEARCH_PATHS = (
					"$(inherited)",
					"@executable_path/Frameworks",
				);
				MARKETING_VERSION = 1.0;
				PRODUCT_BUNDLE_IDENTIFIER = "com.chung.SwiftUI-DiarySample";
				PRODUCT_NAME = "$(TARGET_NAME)";
				SWIFT_EMIT_LOC_STRINGS = YES;
				SWIFT_VERSION = 5.0;
				TARGETED_DEVICE_FAMILY = "1,2";
			};
			name = Debug;
		};
		414F4BE22BB9192500551975 /* Release */ = {
			isa = XCBuildConfiguration;
			buildSettings = {
				ASSETCATALOG_COMPILER_APPICON_NAME = AppIcon;
				ASSETCATALOG_COMPILER_GLOBAL_ACCENT_COLOR_NAME = AccentColor;
				CODE_SIGN_STYLE = Automatic;
				CURRENT_PROJECT_VERSION = 1;
				DEVELOPMENT_ASSET_PATHS = "\"SwiftUI_DiarySample/Preview Content\"";
				DEVELOPMENT_TEAM = 9UU59NTC96;
				ENABLE_PREVIEWS = YES;
				GENERATE_INFOPLIST_FILE = YES;
				INFOPLIST_KEY_UIApplicationSceneManifest_Generation = YES;
				INFOPLIST_KEY_UIApplicationSupportsIndirectInputEvents = YES;
				INFOPLIST_KEY_UILaunchScreen_Generation = YES;
				INFOPLIST_KEY_UISupportedInterfaceOrientations_iPad = "UIInterfaceOrientationPortrait UIInterfaceOrientationPortraitUpsideDown UIInterfaceOrientationLandscapeLeft UIInterfaceOrientationLandscapeRight";
				INFOPLIST_KEY_UISupportedInterfaceOrientations_iPhone = "UIInterfaceOrientationPortrait UIInterfaceOrientationLandscapeLeft UIInterfaceOrientationLandscapeRight";
				LD_RUNPATH_SEARCH_PATHS = (
					"$(inherited)",
					"@executable_path/Frameworks",
				);
				MARKETING_VERSION = 1.0;
				PRODUCT_BUNDLE_IDENTIFIER = "com.chung.SwiftUI-DiarySample";
				PRODUCT_NAME = "$(TARGET_NAME)";
				SWIFT_EMIT_LOC_STRINGS = YES;
				SWIFT_VERSION = 5.0;
				TARGETED_DEVICE_FAMILY = "1,2";
			};
			name = Release;
		};
/* End XCBuildConfiguration section */

/* Begin XCConfigurationList section */
		414F4BCD2BB9192400551975 /* Build configuration list for PBXProject "SwiftUI_DiarySample" */ = {
			isa = XCConfigurationList;
			buildConfigurations = (
				414F4BDE2BB9192500551975 /* Debug */,
				414F4BDF2BB9192500551975 /* Release */,
			);
			defaultConfigurationIsVisible = 0;
			defaultConfigurationName = Release;
		};
		414F4BE02BB9192500551975 /* Build configuration list for PBXNativeTarget "SwiftUI_DiarySample" */ = {
			isa = XCConfigurationList;
			buildConfigurations = (
				414F4BE12BB9192500551975 /* Debug */,
				414F4BE22BB9192500551975 /* Release */,
			);
			defaultConfigurationIsVisible = 0;
			defaultConfigurationName = Release;
		};
/* End XCConfigurationList section */
	};
	rootObject = 414F4BCA2BB9192400551975 /* Project object */;
}
